{
  "version": 1,
  "dependencies": {
    "net9.0": {
      "Microsoft.CodeAnalysis.Workspaces.MSBuild": {
        "type": "Direct",
        "requested": "[4.14.0, )",
        "resolved": "4.14.0",
        "contentHash": "YU7Sguzm1Cuhi2U6S0DRKcVpqAdBd2QmatpyE0KqYMJogJ9E27KHOWGUzAOjsyjAM7sNaUk+a8VPz24knDseFw==",
        "dependencies": {
          "Humanizer.Core": "2.14.1",
          "Microsoft.Build": "17.7.2",
          "Microsoft.Build.Framework": "17.7.2",
          "Microsoft.Build.Tasks.Core": "17.7.2",
          "Microsoft.Build.Utilities.Core": "17.7.2",
          "Microsoft.CodeAnalysis.Analyzers": "3.11.0",
          "Microsoft.CodeAnalysis.Workspaces.Common": "[4.14.0]",
          "Microsoft.Extensions.DependencyInjection": "9.0.0",
          "Microsoft.Extensions.Logging": "9.0.0",
          "Microsoft.Extensions.Logging.Abstractions": "9.0.0",
          "Microsoft.Extensions.Options": "9.0.0",
          "Microsoft.Extensions.Primitives": "9.0.0",
          "Newtonsoft.Json": "13.0.3",
          "System.CodeDom": "7.0.0",
          "System.Collections.Immutable": "9.0.0",
          "System.Composition": "9.0.0",
          "System.Configuration.ConfigurationManager": "9.0.0",
          "System.Diagnostics.EventLog": "9.0.0",
          "System.IO.Pipelines": "9.0.0",
          "System.Reflection.Metadata": "9.0.0",
          "System.Resources.Extensions": "9.0.0",
          "System.Security.Cryptography.Pkcs": "7.0.2",
          "System.Security.Cryptography.ProtectedData": "9.0.0",
          "System.Security.Cryptography.Xml": "7.0.1",
          "System.Security.Permissions": "9.0.0",
          "System.Text.Json": "9.0.0",
          "System.Threading.Channels": "7.0.0",
          "System.Threading.Tasks.Dataflow": "9.0.0",
          "System.Windows.Extensions": "9.0.0"
        }
      },
      "Humanizer.Core": {
        "type": "Transitive",
        "resolved": "2.14.1",
        "contentHash": "lQKvtaTDOXnoVJ20ibTuSIOf2i0uO0MPbDhd1jm238I+U/2ZnRENj0cktKZhtchBMtCUSRQ5v4xBCUbKNmyVMw=="
      },
      "Microsoft.Build": {
        "type": "Transitive",
        "resolved": "17.7.2",
        "contentHash": "AmWnumxsMiRycFfE3kq/XnFFTAoPpCWl3UuiKQWCa5Z0+hBKVoiydzS2iXJGd3x+jry+qaTR9GzoezjV9NFT5A==",
        "dependencies": {
          "Microsoft.Build.Framework": "17.7.2",
          "Microsoft.NET.StringTools": "17.7.2",
          "System.Collections.Immutable": "7.0.0",
          "System.Configuration.ConfigurationManager": "7.0.0",
          "System.Reflection.Metadata": "7.0.0",
          "System.Reflection.MetadataLoadContext": "7.0.0",
          "System.Security.Permissions": "7.0.0",
          "System.Text.Json": "7.0.0",
          "System.Threading.Tasks.Dataflow": "7.0.0"
        }
      },
      "Microsoft.Build.Framework": {
        "type": "Transitive",
        "resolved": "17.7.2",
        "contentHash": "F+SglYQv6ij5RK4Bmd1X4q01E2ry4M8/huTIZ/1Vk7ZoxdT2J3vmV23cnJZsA/ZLunOTv3B905TU5J1eFmWNPw==",
        "dependencies": {
          "System.Security.Permissions": "7.0.0"
        }
      },
      "Microsoft.Build.Tasks.Core": {
        "type": "Transitive",
        "resolved": "17.7.2",
        "contentHash": "CmI+mDQ44GWVv0mxFcGYlvek838kK3PgNvXPo/1/Q5/Tc97tajO611uZAj2wNfwJ1kjsCef2Mza4d+SVSyd3Mg==",
        "dependencies": {
          "Microsoft.Build.Framework": "17.7.2",
          "Microsoft.Build.Utilities.Core": "17.7.2",
          "Microsoft.NET.StringTools": "17.7.2",
          "Microsoft.VisualStudio.Setup.Configuration.Interop": "3.2.2146",
          "System.CodeDom": "7.0.0",
          "System.Collections.Immutable": "7.0.0",
          "System.Configuration.ConfigurationManager": "7.0.0",
          "System.Resources.Extensions": "7.0.0",
          "System.Security.Cryptography.Pkcs": "7.0.2",
          "System.Security.Cryptography.Xml": "7.0.1",
          "System.Security.Permissions": "7.0.0"
        }
      },
      "Microsoft.Build.Utilities.Core": {
        "type": "Transitive",
        "resolved": "17.7.2",
        "contentHash": "soXfaIBW904uEP6WTDv7EbiT0vRfBdNIcqOOEOfyy27WEa8DaXVPQJYSlsDGycS7uTnYU8vlROJbbmlCTBL7hg==",
        "dependencies": {
          "Microsoft.Build.Framework": "17.7.2",
          "Microsoft.NET.StringTools": "17.7.2",
          "Microsoft.VisualStudio.Setup.Configuration.Interop": "3.2.2146",
          "System.Collections.Immutable": "7.0.0",
          "System.Configuration.ConfigurationManager": "7.0.0",
          "System.Security.Permissions": "7.0.0"
        }
      },
      "Microsoft.CodeAnalysis.Analyzers": {
        "type": "Transitive",
        "resolved": "3.11.0",
        "contentHash": "v/EW3UE8/lbEYHoC2Qq7AR/DnmvpgdtAMndfQNmpuIMx/Mto8L5JnuCfdBYtgvalQOtfNCnxFejxuRrryvUTsg=="
      },
      "Microsoft.CodeAnalysis.Common": {
        "type": "Transitive",
        "resolved": "4.14.0",
        "contentHash": "PC3tuwZYnC+idaPuoC/AZpEdwrtX7qFpmnrfQkgobGIWiYmGi5MCRtl5mx6QrfMGQpK78X2lfIEoZDLg/qnuHg==",
        "dependencies": {
          "Microsoft.CodeAnalysis.Analyzers": "3.11.0",
          "System.Collections.Immutable": "9.0.0",
          "System.Reflection.Metadata": "9.0.0"
        }
      },
      "Microsoft.CodeAnalysis.Workspaces.Common": {
        "type": "Transitive",
        "resolved": "4.14.0",
        "contentHash": "wNVK9JrqjqDC/WgBUFV6henDfrW87NPfo98nzah/+M/G1D6sBOPtXwqce3UQNn+6AjTnmkHYN1WV9XmTlPemTw==",
        "dependencies": {
          "Humanizer.Core": "2.14.1",
          "Microsoft.CodeAnalysis.Analyzers": "3.11.0",
          "Microsoft.CodeAnalysis.Common": "[4.14.0]",
          "System.Collections.Immutable": "9.0.0",
          "System.Composition": "9.0.0",
          "System.IO.Pipelines": "9.0.0",
          "System.Reflection.Metadata": "9.0.0",
          "System.Threading.Channels": "7.0.0"
        }
      },
      "Microsoft.Extensions.DependencyInjection": {
        "type": "Transitive",
        "resolved": "9.0.0",
        "contentHash": "MCPrg7v3QgNMr0vX4vzRXvkNGgLg8vKWX0nKCWUxu2uPyMsaRgiRc1tHBnbTcfJMhMKj2slE/j2M9oGkd25DNw==",
        "dependencies": {
          "Microsoft.Extensions.DependencyInjection.Abstractions": "9.0.0"
        }
      },
      "Microsoft.Extensions.DependencyInjection.Abstractions": {
        "type": "Transitive",
        "resolved": "9.0.0",
        "contentHash": "+6f2qv2a3dLwd5w6JanPIPs47CxRbnk+ZocMJUhv9NxP88VlOcJYZs9jY+MYSjxvady08bUZn6qgiNh7DadGgg=="
      },
      "Microsoft.Extensions.Logging": {
        "type": "Transitive",
        "resolved": "9.0.0",
        "contentHash": "crjWyORoug0kK7RSNJBTeSE6VX8IQgLf3nUpTB9m62bPXp/tzbnOsnbe8TXEG0AASNaKZddnpHKw7fET8E++Pg==",
        "dependencies": {
          "Microsoft.Extensions.DependencyInjection": "9.0.0",
          "Microsoft.Extensions.Logging.Abstractions": "9.0.0",
          "Microsoft.Extensions.Options": "9.0.0"
        }
      },
      "Microsoft.Extensions.Logging.Abstractions": {
        "type": "Transitive",
        "resolved": "9.0.0",
        "contentHash": "g0UfujELzlLbHoVG8kPKVBaW470Ewi+jnptGS9KUi6jcb+k2StujtK3m26DFSGGwQ/+bVgZfsWqNzlP6YOejvw==",
        "dependencies": {
          "Microsoft.Extensions.DependencyInjection.Abstractions": "9.0.0"
        }
      },
      "Microsoft.Extensions.Options": {
        "type": "Transitive",
        "resolved": "9.0.0",
        "contentHash": "y2146b3jrPI3Q0lokKXdKLpmXqakYbDIPDV6r3M8SqvSf45WwOTzkyfDpxnZXJsJQEpAsAqjUq5Pu8RCJMjubg==",
        "dependencies": {
          "Microsoft.Extensions.DependencyInjection.Abstractions": "9.0.0",
          "Microsoft.Extensions.Primitives": "9.0.0"
        }
      },
      "Microsoft.Extensions.Primitives": {
        "type": "Transitive",
        "resolved": "9.0.0",
        "contentHash": "N3qEBzmLMYiASUlKxxFIISP4AiwuPTHF5uCh+2CWSwwzAJiIYx0kBJsS30cp1nvhSySFAVi30jecD307jV+8Kg=="
      },
      "Microsoft.NET.StringTools": {
        "type": "Transitive",
        "resolved": "17.7.2",
        "contentHash": "GDm2qPXJeWR4FSwY90zYZ+Wd0CN4FE+Nu2F57Vu8avatMzNQxV9WaVEBZFKbT4JLhNcXKc0CKBO50oVoRJR5BQ=="
      },
      "Microsoft.VisualStudio.Setup.Configuration.Interop": {
        "type": "Transitive",
        "resolved": "3.2.2146",
        "contentHash": "gMq8uGy8zTIp0kQGTI45buZC3JOStGJyjGD8gksskk83aQISW65IESErLE/WDT7Bdy+QWbdUi7QyO1LEzUSOFA=="
      },
      "Newtonsoft.Json": {
        "type": "Transitive",
        "resolved": "13.0.3",
        "contentHash": "HrC5BXdl00IP9zeV+0Z848QWPAoCr9P3bDEZguI+gkLcBKAOxix/tLEAAHC+UvDNPv4a2d18lOReHMOagPa+zQ=="
      },
      "System.CodeDom": {
        "type": "Transitive",
        "resolved": "7.0.0",
        "contentHash": "GLltyqEsE5/3IE+zYRP5sNa1l44qKl9v+bfdMcwg+M9qnQf47wK3H0SUR/T+3N4JEQXF3vV4CSuuo0rsg+nq2A=="
      },
      "System.Collections.Immutable": {
        "type": "Transitive",
        "resolved": "9.0.0",
        "contentHash": "QhkXUl2gNrQtvPmtBTQHb0YsUrDiDQ2QS09YbtTTiSjGcf7NBqtYbrG/BE06zcBPCKEwQGzIv13IVdXNOSub2w=="
      },
      "System.Composition": {
        "type": "Transitive",
        "resolved": "9.0.0",
        "contentHash": "3Djj70fFTraOarSKmRnmRy/zm4YurICm+kiCtI0dYRqGJnLX6nJ+G3WYuFJ173cAPax/gh96REcbNiVqcrypFQ==",
        "dependencies": {
          "System.Composition.AttributedModel": "9.0.0",
          "System.Composition.Convention": "9.0.0",
          "System.Composition.Hosting": "9.0.0",
          "System.Composition.Runtime": "9.0.0",
          "System.Composition.TypedParts": "9.0.0"
        }
      },
      "System.Composition.AttributedModel": {
        "type": "Transitive",
        "resolved": "9.0.0",
        "contentHash": "iri00l/zIX9g4lHMY+Nz0qV1n40+jFYAmgsaiNn16xvt2RDwlqByNG4wgblagnDYxm3YSQQ0jLlC/7Xlk9CzyA=="
      },
      "System.Composition.Convention": {
        "type": "Transitive",
        "resolved": "9.0.0",
        "contentHash": "+vuqVP6xpi582XIjJi6OCsIxuoTZfR0M7WWufk3uGDeCl3wGW6KnpylUJ3iiXdPByPE0vR5TjJgR6hDLez4FQg==",
        "dependencies": {
          "System.Composition.AttributedModel": "9.0.0"
        }
      },
      "System.Composition.Hosting": {
        "type": "Transitive",
        "resolved": "9.0.0",
        "contentHash": "OFqSeFeJYr7kHxDfaViGM1ymk7d4JxK//VSoNF9Ux0gpqkLsauDZpu89kTHHNdCWfSljbFcvAafGyBoY094btQ==",
        "dependencies": {
          "System.Composition.Runtime": "9.0.0"
        }
      },
      "System.Composition.Runtime": {
        "type": "Transitive",
        "resolved": "9.0.0",
        "contentHash": "w1HOlQY1zsOWYussjFGZCEYF2UZXgvoYnS94NIu2CBnAGMbXFAX8PY8c92KwUItPmowal68jnVLBCzdrWLeEKA=="
      },
      "System.Composition.TypedParts": {
        "type": "Transitive",
        "resolved": "9.0.0",
        "contentHash": "aRZlojCCGEHDKqh43jaDgaVpYETsgd7Nx4g1zwLKMtv4iTo0627715ajEFNpEEBTgLmvZuv8K0EVxc3sM4NWJA==",
        "dependencies": {
          "System.Composition.AttributedModel": "9.0.0",
          "System.Composition.Hosting": "9.0.0",
          "System.Composition.Runtime": "9.0.0"
        }
      },
      "System.Configuration.ConfigurationManager": {
        "type": "Transitive",
        "resolved": "9.0.0",
        "contentHash": "PdkuMrwDhXoKFo/JxISIi9E8L+QGn9Iquj2OKDWHB6Y/HnUOuBouF7uS3R4Hw3FoNmwwMo6hWgazQdyHIIs27A==",
        "dependencies": {
          "System.Diagnostics.EventLog": "9.0.0",
          "System.Security.Cryptography.ProtectedData": "9.0.0"
        }
      },
      "System.Diagnostics.EventLog": {
        "type": "Transitive",
        "resolved": "9.0.0",
        "contentHash": "qd01+AqPhbAG14KtdtIqFk+cxHQFZ/oqRSCoxU1F+Q6Kv0cl726sl7RzU9yLFGd4BUOKdN4XojXF0pQf/R6YeA=="
      },
      "System.Formats.Asn1": {
        "type": "Transitive",
        "resolved": "7.0.0",
        "contentHash": "+nfpV0afLmvJW8+pLlHxRjz3oZJw4fkyU9MMEaMhCsHi/SN9bGF9q79ROubDiwTiCHezmK0uCWkPP7tGFP/4yg=="
      },
      "System.Formats.Nrbf": {
        "type": "Transitive",
        "resolved": "9.0.0",
        "contentHash": "F/6tNE+ckmdFeSQAyQo26bQOqfPFKEfZcuqnp4kBE6/7jP26diP+QTHCJJ6vpEfaY6bLy+hBLiIQUSxSmNwLkA=="
      },
      "System.IO.Pipelines": {
        "type": "Transitive",
        "resolved": "9.0.0",
        "contentHash": "eA3cinogwaNB4jdjQHOP3Z3EuyiDII7MT35jgtnsA4vkn0LUrrSHsU0nzHTzFzmaFYeKV7MYyMxOocFzsBHpTw=="
      },
      "System.Reflection.Metadata": {
        "type": "Transitive",
        "resolved": "9.0.0",
        "contentHash": "ANiqLu3DxW9kol/hMmTWbt3414t9ftdIuiIU7j80okq2YzAueo120M442xk1kDJWtmZTqWQn7wHDvMRipVOEOQ=="
      },
      "System.Reflection.MetadataLoadContext": {
        "type": "Transitive",
        "resolved": "7.0.0",
        "contentHash": "z9PvtMJra5hK8n+g0wmPtaG7HQRZpTmIPRw5Z0LEemlcdQMHuTD5D7OAY/fZuuz1L9db++QOcDF0gJTLpbMtZQ==",
        "dependencies": {
          "System.Collections.Immutable": "7.0.0",
          "System.Reflection.Metadata": "7.0.0"
        }
      },
      "System.Resources.Extensions": {
        "type": "Transitive",
        "resolved": "9.0.0",
        "contentHash": "tvhuT1D2OwPROdL1kRWtaTJliQo0WdyhvwDpd8RM997G7m3Hya5nhbYhNTS75x6Vu+ypSOgL5qxDCn8IROtCxw==",
        "dependencies": {
          "System.Formats.Nrbf": "9.0.0"
        }
      },
      "System.Security.Cryptography.Pkcs": {
        "type": "Transitive",
        "resolved": "7.0.2",
        "contentHash": "xhFNJOcQSWhpiVGLLBQYoxAltQSQVycMkwaX1z7I7oEdT9Wr0HzSM1yeAbfoHaERIYd5s6EpLSOLs2qMchSKlA==",
        "dependencies": {
          "System.Formats.Asn1": "7.0.0"
        }
      },
      "System.Security.Cryptography.ProtectedData": {
        "type": "Transitive",
        "resolved": "9.0.0",
        "contentHash": "CJW+x/F6fmRQ7N6K8paasTw9PDZp4t7G76UjGNlSDgoHPF0h08vTzLYbLZpOLEJSg35d5wy2jCXGo84EN05DpQ=="
      },
      "System.Security.Cryptography.Xml": {
        "type": "Transitive",
        "resolved": "7.0.1",
        "contentHash": "MCxBCtH0GrDuvU63ZODwQHQZPchb24pUAX3MfZ6b13qg246ZD10PRdOvay8C9HBPfCXkymUNwFPEegud7ax2zg==",
        "dependencies": {
          "System.Security.Cryptography.Pkcs": "7.0.0"
        }
      },
      "System.Security.Permissions": {
        "type": "Transitive",
        "resolved": "9.0.0",
        "contentHash": "H2VFD4SFVxieywNxn9/epb63/IOcPPfA0WOtfkljzNfu7GCcHIBQNuwP6zGCEIi7Ci/oj8aLPUNK9sYImMFf4Q==",
        "dependencies": {
          "System.Windows.Extensions": "9.0.0"
        }
      },
      "System.Text.Json": {
        "type": "Transitive",
        "resolved": "9.0.0",
        "contentHash": "js7+qAu/9mQvnhA4EfGMZNEzXtJCDxgkgj8ohuxq/Qxv+R56G+ljefhiJHOxTNiw54q8vmABCWUwkMulNdlZ4A=="
      },
      "System.Threading.Channels": {
        "type": "Transitive",
        "resolved": "7.0.0",
        "contentHash": "qmeeYNROMsONF6ndEZcIQ+VxR4Q/TX/7uIVLJqtwIWL7dDWeh0l1UIqgo4wYyjG//5lUNhwkLDSFl+pAWO6oiA=="
      },
      "System.Threading.Tasks.Dataflow": {
        "type": "Transitive",
        "resolved": "9.0.0",
        "contentHash": "S+y+QuBJNcqOvoFK+rFcZZuQDlD2E4lImKW9/g3E0l7YT2uo4oin9amAn398eGt/xFBYNNSt5O77Dbc38XGfBw=="
      },
      "System.Windows.Extensions": {
        "type": "Transitive",
        "resolved": "9.0.0",
        "contentHash": "U9msthvnH2Fsw7xwAvIhNHOdnIjOQTwOc8Vd0oGOsiRcGMGoBFlUD6qtYawRUoQdKH9ysxesZ9juFElt1Jw/7A=="
      }
    }
  }
}