{
  "version": 1,
  "dependencies": {
    "net8.0": {
      "Microsoft.NET.Test.Sdk": {
        "type": "Direct",
        "requested": "[17.11.1, )",
        "resolved": "17.11.1",
        "contentHash": "U3Ty4BaGoEu+T2bwSko9tWqWUOU16WzSFkq6U8zve75oRBMSLTBdMAZrVNNz1Tq12aCdDom9fcOcM9QZaFHqFg==",
        "dependencies": {
          "Microsoft.CodeCoverage": "17.11.1",
          "Microsoft.TestPlatform.TestHost": "17.11.1"
        }
      },
      "Serilog.Sinks.XUnit": {
        "type": "Direct",
        "requested": "[3.0.5, )",
        "resolved": "3.0.5",
        "contentHash": "+Lp5sBCcdtb7b2Kpjr6rtgg9ZWFCM8Tlp2dlFkfvBfFQd3Zw81HQdP5FKXggLAwbE8tX/i5odAIhjly9C5jUrw==",
        "dependencies": {
          "Serilog": "2.12.0",
          "xunit.abstractions": "2.0.3",
          "xunit.extensibility.core": "2.4.2",
          "xunit.extensibility.execution": "2.4.2"
        }
      },
      "System.Formats.Asn1": {
        "type": "Direct",
        "requested": "[9.0.0, )",
        "resolved": "9.0.0",
        "contentHash": "VRDjgfqV0hCma5HBQa46nZTRuqfYMWZClwxUtvLJVTCeDp9Esdvr91AfEWP98IMO8ooSv1yXb6/oCc6jApoXvQ=="
      },
      "xunit": {
        "type": "Direct",
        "requested": "[2.9.2, )",
        "resolved": "2.9.2",
        "contentHash": "7LhFS2N9Z6Xgg8aE5lY95cneYivRMfRI8v+4PATa4S64D5Z/Plkg0qa8dTRHSiGRgVZ/CL2gEfJDE5AUhOX+2Q==",
        "dependencies": {
          "xunit.analyzers": "1.16.0",
          "xunit.assert": "2.9.2",
          "xunit.core": "[2.9.2]"
        }
      },
      "xunit.runner.console": {
        "type": "Direct",
        "requested": "[2.9.2, )",
        "resolved": "2.9.2",
        "contentHash": "bzxrKRk1rm2ro//ElUS8MEejvOjYIpXHbt3XrziYBrY9qgqeOb6ULELRshts3M7N6V+wtuRb78u9GJZjqASVdQ=="
      },
      "Arbor.FileSystem": {
        "type": "Transitive",
        "resolved": "0.5.0",
        "contentHash": "oNA6iYzV823QmkDUE4+nz8nJg/sGnw19ff7Pp5br2aGWb/dpfRE6HbuQ8NVislPeM5pWvn+fKrQ3X5HldwPPEA==",
        "dependencies": {
          "JetBrains.Annotations": "2021.3.0",
          "zio": "0.13.0"
        }
      },
      "Arbor.KVConfiguration.Core": {
        "type": "Transitive",
        "resolved": "2.7.0",
        "contentHash": "Y7zZBciVRHO0Dw7UeOkBB2fPnjSAQpqNS9jMxt8zHYmL2VLvGNUGXydYc/KwUbPQXwUVfDximtY3jlbbyS8SzQ==",
        "dependencies": {
          "Microsoft.Extensions.Primitives": "[8.0.0, 9.0.0)"
        }
      },
      "Arbor.KVConfiguration.JsonConfiguration": {
        "type": "Transitive",
        "resolved": "2.7.0",
        "contentHash": "yF6SosK7E5vMax/Q6KSvwnnX0J+bnSwhbvQm/x2JTv2cpof6e1L04OieDT+wUKNe+lWgIK1MbO7kIjfRaVZ/Wg==",
        "dependencies": {
          "Arbor.KVConfiguration.Core": "[2.0.0, 3.0.0)",
          "Arbor.KVConfiguration.Schema": "[2.0.0, 3.0.0)",
          "Arbor.KVConfiguration.Schema.Json": "[2.0.0, 3.0.0)",
          "Newtonsoft.Json": "[13.0.3, 14.0.0)"
        }
      },
      "Arbor.KVConfiguration.Schema": {
        "type": "Transitive",
        "resolved": "2.0.0",
        "contentHash": "3jzasZqYThfvHvchm7gWhLVvoY8Lotm6PTXMBgBgK/BJ6fBNe6di+bLqv1DmlvaEXIzassd+Em480SXhWRdz2w==",
        "dependencies": {
          "Arbor.KVConfiguration.Core": "[2.0.0, 3.0.0)"
        }
      },
      "Arbor.KVConfiguration.Schema.Json": {
        "type": "Transitive",
        "resolved": "2.0.0",
        "contentHash": "pRgyq7uIeV1jrIWrfccvkhL2mOPqMmIpC6petKQUSa+IrPcSSei8nQCL+odSm/WybLig53nrEUuG0uTF1m+a/Q==",
        "dependencies": {
          "Arbor.KVConfiguration.Core": "[2.0.0, 3.0.0)",
          "Newtonsoft.Json": "12.0.1"
        }
      },
      "Arbor.Processing": {
        "type": "Transitive",
        "resolved": "0.6.0",
        "contentHash": "KcuciNAfg/ArkDdcM1hHMeIprKwQjdHWV6zXBFAqmKDxGB9rdDHk9a1jHTVQ5r7y5gxAowCUGLgEcfheKItoig=="
      },
      "JetBrains.Annotations": {
        "type": "Transitive",
        "resolved": "2021.3.0",
        "contentHash": "Ddxjs5RRjf+c8m9m++WvhW1lz1bqNhsTjWvCLbQN9bvKbkJeR9MhtfNwKgBRRdG2yLHcXFr5Lf7fsvvkiPaDRg=="
      },
      "Microsoft.CodeAnalysis.Analyzers": {
        "type": "Transitive",
        "resolved": "3.3.4",
        "contentHash": "AxkxcPR+rheX0SmvpLVIGLhOUXAKG56a64kV9VQZ4y9gR9ZmPXnqZvHJnmwLSwzrEP6junUF11vuc+aqo5r68g=="
      },
      "Microsoft.CodeAnalysis.Common": {
        "type": "Transitive",
        "resolved": "4.11.0",
        "contentHash": "djf8ujmqYImFgB04UGtcsEhHrzVqzHowS+EEl/Yunc5LdrYrZhGBWUTXoCF0NzYXJxtfuD+UVQarWpvrNc94Qg==",
        "dependencies": {
          "Microsoft.CodeAnalysis.Analyzers": "3.3.4",
          "System.Collections.Immutable": "8.0.0",
          "System.Reflection.Metadata": "8.0.0"
        }
      },
      "Microsoft.CodeAnalysis.Compilers": {
        "type": "Transitive",
        "resolved": "4.11.0",
        "contentHash": "CUzCrfuWGR5+kEoXpU8vkvBPJN96j29oFvULNagO5Cob4XPny5tv/2roh1OZimmojpAtC8hX6stKTlna9stgFA==",
        "dependencies": {
          "Microsoft.CodeAnalysis.Analyzers": "3.3.4",
          "Microsoft.CodeAnalysis.CSharp": "[4.11.0]",
          "Microsoft.CodeAnalysis.VisualBasic": "[4.11.0]",
          "System.Buffers": "4.5.1",
          "System.Collections.Immutable": "8.0.0",
          "System.Memory": "4.5.5",
          "System.Numerics.Vectors": "4.5.0",
          "System.Reflection.Metadata": "8.0.0",
          "System.Runtime.CompilerServices.Unsafe": "6.0.0",
          "System.Text.Encoding.CodePages": "7.0.0",
          "System.Threading.Tasks.Extensions": "4.5.4"
        }
      },
      "Microsoft.CodeAnalysis.CSharp": {
        "type": "Transitive",
        "resolved": "4.11.0",
        "contentHash": "6XYi2EusI8JT4y2l/F3VVVS+ISoIX9nqHsZRaG6W5aFeJ5BEuBosHfT/ABb73FN0RZ1Z3cj2j7cL28SToJPXOw==",
        "dependencies": {
          "Microsoft.CodeAnalysis.Analyzers": "3.3.4",
          "Microsoft.CodeAnalysis.Common": "[4.11.0]",
          "System.Collections.Immutable": "8.0.0",
          "System.Reflection.Metadata": "8.0.0"
        }
      },
      "Microsoft.CodeAnalysis.VisualBasic": {
        "type": "Transitive",
        "resolved": "4.11.0",
        "contentHash": "1ypssIzZvsDtzyN8tFqZdKS8cl7MAQQ6eBjHGCJ9paLNlmnBd2kCo1GRr8kO0yWaFN/Io2JXaTeeHRDZLiKKyw==",
        "dependencies": {
          "Microsoft.CodeAnalysis.Analyzers": "3.3.4",
          "Microsoft.CodeAnalysis.Common": "[4.11.0]",
          "System.Collections.Immutable": "8.0.0",
          "System.Reflection.Metadata": "8.0.0"
        }
      },
      "Microsoft.CodeCoverage": {
        "type": "Transitive",
        "resolved": "17.11.1",
        "contentHash": "nPJqrcA5iX+Y0kqoT3a+pD/8lrW/V7ayqnEJQsTonSoPz59J8bmoQhcSN4G8+UJ64Hkuf0zuxnfuj2lkHOq4cA=="
      },
      "Microsoft.CSharp": {
        "type": "Transitive",
        "resolved": "4.4.1",
        "contentHash": "A5hI3gk6WpcBI0QGZY6/d5CCaYUxJgi7iENn1uYEng+Olo8RfI5ReGVkjXjeu3VR3srLvVYREATXa2M0X7FYJA=="
      },
      "Microsoft.Extensions.Primitives": {
        "type": "Transitive",
        "resolved": "8.0.0",
        "contentHash": "bXJEZrW9ny8vjMF1JV253WeLhpEVzFo1lyaZu1vQ4ZxWUlVvknZ/+ftFgVheLubb4eZPSwwxBeqS1JkCOjxd8g=="
      },
      "Microsoft.TestPlatform.ObjectModel": {
        "type": "Transitive",
        "resolved": "17.11.1",
        "contentHash": "E2jZqAU6JeWEVsyOEOrSW1o1bpHLgb25ypvKNB/moBXPVsFYBPd/Jwi7OrYahG50J83LfHzezYI+GaEkpAotiA==",
        "dependencies": {
          "System.Reflection.Metadata": "1.6.0"
        }
      },
      "Microsoft.TestPlatform.TestHost": {
        "type": "Transitive",
        "resolved": "17.11.1",
        "contentHash": "DnG+GOqJXO/CkoqlJWeDFTgPhqD/V6VqUIL3vINizCWZ3X+HshCtbbyDdSHQQEjrc2Sl/K3yaxX6s+5LFEdYuw==",
        "dependencies": {
          "Microsoft.TestPlatform.ObjectModel": "17.11.1",
          "Newtonsoft.Json": "13.0.1"
        }
      },
      "Newtonsoft.Json": {
        "type": "Transitive",
        "resolved": "13.0.3",
        "contentHash": "HrC5BXdl00IP9zeV+0Z848QWPAoCr9P3bDEZguI+gkLcBKAOxix/tLEAAHC+UvDNPv4a2d18lOReHMOagPa+zQ=="
      },
      "NuGet.Common": {
        "type": "Transitive",
        "resolved": "6.11.1",
        "contentHash": "6ouw0UC3TGaFHNJyoEK2/Q5jSryRHzcbKGv9C0+t/TPnTP8PoLqnyFxO1dwmQUmJkWuKAUo6Vu0kIXHY/8LyKQ==",
        "dependencies": {
          "NuGet.Frameworks": "6.11.1"
        }
      },
      "NuGet.Configuration": {
        "type": "Transitive",
        "resolved": "6.11.1",
        "contentHash": "vbEe2acKrI2QmNx9U94ewhgUt6cLpwBeQfMtrie6NMz+GkJcX/4qIkKsX3SeBO4gFgCf8eeTyURl5hxPtiUctw==",
        "dependencies": {
          "NuGet.Common": "6.11.1",
          "System.Security.Cryptography.ProtectedData": "4.4.0"
        }
      },
      "NuGet.Frameworks": {
        "type": "Transitive",
        "resolved": "6.11.1",
        "contentHash": "plTZ3ariSWQVsFn2mk83SsdmSg1VpgIMTSZpP/eSE/NNQF02p+M9ItxAYeUZBMX+cQ2nFkSwxQRJ0/fkaV9Hbg=="
      },
      "NuGet.Packaging": {
        "type": "Transitive",
        "resolved": "6.11.1",
        "contentHash": "wiofIUUr7khwuaGXiOibMb7+dEkF97EVsAmzlaNc188HV9ujjqweQMuVCoAK2/MqXdhnrKjvicUfKo9CPsNnfg==",
        "dependencies": {
          "Newtonsoft.Json": "13.0.3",
          "NuGet.Configuration": "6.11.1",
          "NuGet.Versioning": "6.11.1",
          "System.Security.Cryptography.Pkcs": "6.0.4"
        }
      },
      "NuGet.Versioning": {
        "type": "Transitive",
        "resolved": "6.11.1",
        "contentHash": "YNn3BB71F+guJW42TbAhGcMh3gpyqFMZcPVD9pm5vcvGivTALtRely/VCPWQQ6JQ5PfwIrjPaJMO7VnqyeK3rg=="
      },
      "Serilog": {
        "type": "Transitive",
        "resolved": "4.1.0",
        "contentHash": "u1aZI8HZ62LWlq5dZLFwm6jMax/sUwnWZSw5lkPsCt518cJBxFKoNmc7oSxe5aA5BgSkzy9rzwFGR/i/acnSPw=="
      },
      "Serilog.Sinks.Console": {
        "type": "Transitive",
        "resolved": "6.0.0",
        "contentHash": "fQGWqVMClCP2yEyTXPIinSr5c+CBGUvBybPxjAGcf7ctDhadFhrQw03Mv8rJ07/wR5PDfFjewf2LimvXCDzpbA==",
        "dependencies": {
          "Serilog": "4.0.0"
        }
      },
      "System.Buffers": {
        "type": "Transitive",
        "resolved": "4.5.1",
        "contentHash": "Rw7ijyl1qqRS0YQD/WycNst8hUUMgrMH4FCn1nNm27M4VxchZ1js3fVjQaANHO5f3sN4isvP4a+Met9Y4YomAg=="
      },
      "System.Collections.Immutable": {
        "type": "Transitive",
        "resolved": "8.0.0",
        "contentHash": "AurL6Y5BA1WotzlEvVaIDpqzpIPvYnnldxru8oXJU2yFxFUy3+pNXjXd1ymO+RA0rq0+590Q8gaz2l3Sr7fmqg=="
      },
      "System.CommandLine": {
        "type": "Transitive",
        "resolved": "2.0.0-beta1.20574.7",
        "contentHash": "fGqXtGd0UWyVTYRz5hU0fyjR1w7VlrdjmkdADreE9JXMzhWYgYJNxaHWVum40qJjtAT3RLlI0dBf37jmRBh43Q==",
        "dependencies": {
          "Microsoft.CSharp": "4.4.1",
          "system.memory": "4.5.4"
        }
      },
      "System.Memory": {
        "type": "Transitive",
        "resolved": "4.5.5",
        "contentHash": "XIWiDvKPXaTveaB7HVganDlOCRoj03l+jrwNvcge/t8vhGYKvqV+dMv6G4SAX2NoNmN0wZfVPTAlFwZcZvVOUw=="
      },
      "System.Numerics.Vectors": {
        "type": "Transitive",
        "resolved": "4.5.0",
        "contentHash": "QQTlPTl06J/iiDbJCiepZ4H//BVraReU4O4EoRw1U02H5TLUIT7xn3GnDp9AXPSlJUDyFs4uWjWafNX6WrAojQ=="
      },
      "System.Reflection.Metadata": {
        "type": "Transitive",
        "resolved": "8.0.0",
        "contentHash": "ptvgrFh7PvWI8bcVqG5rsA/weWM09EnthFHR5SCnS6IN+P4mj6rE1lBDC4U8HL9/57htKAqy4KQ3bBj84cfYyQ==",
        "dependencies": {
          "System.Collections.Immutable": "8.0.0"
        }
      },
      "System.Runtime.CompilerServices.Unsafe": {
        "type": "Transitive",
        "resolved": "6.0.0",
        "contentHash": "/iUeP3tq1S0XdNNoMz5C9twLSrM/TH+qElHkXWaPvuNOt+99G75NrV0OS2EqHx5wMN7popYjpc8oTjC1y16DLg=="
      },
      "System.Security.Cryptography.Pkcs": {
        "type": "Transitive",
        "resolved": "6.0.4",
        "contentHash": "LGbXi1oUJ9QgCNGXRO9ndzBL/GZgANcsURpMhNR8uO+rca47SZmciS3RSQUvlQRwK3QHZSHNOXzoMUASKA+Anw==",
        "dependencies": {
          "System.Formats.Asn1": "6.0.0"
        }
      },
      "System.Security.Cryptography.ProtectedData": {
        "type": "Transitive",
        "resolved": "4.4.0",
        "contentHash": "cJV7ScGW7EhatRsjehfvvYVBvtiSMKgN8bOVI0bQhnF5bU7vnHVIsH49Kva7i7GWaWYvmEzkYVk1TC+gZYBEog=="
      },
      "System.Text.Encoding.CodePages": {
        "type": "Transitive",
        "resolved": "7.0.0",
        "contentHash": "LSyCblMpvOe0N3E+8e0skHcrIhgV2huaNcjUUEa8hRtgEAm36aGkRoC8Jxlb6Ra6GSfF29ftduPNywin8XolzQ=="
      },
      "System.Threading.Tasks.Extensions": {
        "type": "Transitive",
        "resolved": "4.5.4",
        "contentHash": "zteT+G8xuGu6mS+mzDzYXbzS7rd3K6Fjb9RiZlYlJPam2/hU7JCBZBVEcywNuR+oZ1ncTvc/cq0faRr3P01OVg=="
      },
      "xunit.abstractions": {
        "type": "Transitive",
        "resolved": "2.0.3",
        "contentHash": "pot1I4YOxlWjIb5jmwvvQNbTrZ3lJQ+jUGkGjWE3hEFM0l5gOnBWS+H3qsex68s5cO52g+44vpGzhAt+42vwKg=="
      },
      "xunit.analyzers": {
        "type": "Transitive",
        "resolved": "1.16.0",
        "contentHash": "hptYM7vGr46GUIgZt21YHO4rfuBAQS2eINbFo16CV/Dqq+24Tp+P5gDCACu1AbFfW4Sp/WRfDPSK8fmUUb8s0Q=="
      },
      "xunit.assert": {
        "type": "Transitive",
        "resolved": "2.9.2",
        "contentHash": "QkNBAQG4pa66cholm28AxijBjrmki98/vsEh4Sx5iplzotvPgpiotcxqJQMRC8d7RV7nIT8ozh97957hDnZwsQ=="
      },
      "xunit.core": {
        "type": "Transitive",
        "resolved": "2.9.2",
        "contentHash": "O6RrNSdmZ0xgEn5kT927PNwog5vxTtKrWMihhhrT0Sg9jQ7iBDciYOwzBgP2krBEk5/GBXI18R1lKvmnxGcb4w==",
        "dependencies": {
          "xunit.extensibility.core": "[2.9.2]",
          "xunit.extensibility.execution": "[2.9.2]"
        }
      },
      "xunit.extensibility.core": {
        "type": "Transitive",
        "resolved": "2.9.2",
        "contentHash": "Ol+KlBJz1x8BrdnhN2DeOuLrr1I/cTwtHCggL9BvYqFuVd/TUSzxNT5O0NxCIXth30bsKxgMfdqLTcORtM52yQ==",
        "dependencies": {
          "xunit.abstractions": "2.0.3"
        }
      },
      "xunit.extensibility.execution": {
        "type": "Transitive",
        "resolved": "2.9.2",
        "contentHash": "rKMpq4GsIUIJibXuZoZ8lYp5EpROlnYaRpwu9Zr0sRZXE7JqJfEEbCsUriZqB+ByXCLFBJyjkTRULMdC+U566g==",
        "dependencies": {
          "xunit.extensibility.core": "[2.9.2]"
        }
      },
      "Zio": {
        "type": "Transitive",
        "resolved": "0.13.0",
        "contentHash": "caQXHcNNPLyF2wB28FttQ4GvF7/CVffbTKpjLk0NDhFwOphZEf/X+mlSFGOoQ0Pqu3BcxHH94x9e+5/d956dfA=="
      },
      "Arbor.NuGet.GlobalTool": {
        "type": "Project",
        "dependencies": {
          "Arbor.FileSystem": "[0.5.0, )",
          "Arbor.KVConfiguration.Core": "[2.7.0, )",
          "Arbor.KVConfiguration.JsonConfiguration": "[2.7.0, )",
          "Arbor.Processing": "[0.6.0, )",
          "Microsoft.CodeAnalysis.CSharp": "[4.11.0, )",
          "Microsoft.CodeAnalysis.Compilers": "[4.11.0, )",
          "Newtonsoft.Json": "[13.0.3, )",
          "NuGet.Packaging": "[6.11.1, )",
          "NuGet.Versioning": "[6.11.1, )",
          "Serilog": "[4.1.0, )",
          "Serilog.Sinks.Console": "[6.0.0, )",
          "System.Collections.Immutable": "[8.0.0, )",
          "System.CommandLine": "[2.0.0-beta1.20574.7, )",
          "System.Formats.Asn1": "[9.0.0, )"
        }
      }
    },
    "net9.0": {
      "Microsoft.NET.Test.Sdk": {
        "type": "Direct",
        "requested": "[17.11.1, )",
        "resolved": "17.11.1",
        "contentHash": "U3Ty4BaGoEu+T2bwSko9tWqWUOU16WzSFkq6U8zve75oRBMSLTBdMAZrVNNz1Tq12aCdDom9fcOcM9QZaFHqFg==",
        "dependencies": {
          "Microsoft.CodeCoverage": "17.11.1",
          "Microsoft.TestPlatform.TestHost": "17.11.1"
        }
      },
      "Serilog.Sinks.XUnit": {
        "type": "Direct",
        "requested": "[3.0.5, )",
        "resolved": "3.0.5",
        "contentHash": "+Lp5sBCcdtb7b2Kpjr6rtgg9ZWFCM8Tlp2dlFkfvBfFQd3Zw81HQdP5FKXggLAwbE8tX/i5odAIhjly9C5jUrw==",
        "dependencies": {
          "Serilog": "2.12.0",
          "xunit.abstractions": "2.0.3",
          "xunit.extensibility.core": "2.4.2",
          "xunit.extensibility.execution": "2.4.2"
        }
      },
      "System.Formats.Asn1": {
        "type": "Direct",
        "requested": "[9.0.0, )",
        "resolved": "9.0.0",
        "contentHash": "VRDjgfqV0hCma5HBQa46nZTRuqfYMWZClwxUtvLJVTCeDp9Esdvr91AfEWP98IMO8ooSv1yXb6/oCc6jApoXvQ=="
      },
      "xunit": {
        "type": "Direct",
        "requested": "[2.9.2, )",
        "resolved": "2.9.2",
        "contentHash": "7LhFS2N9Z6Xgg8aE5lY95cneYivRMfRI8v+4PATa4S64D5Z/Plkg0qa8dTRHSiGRgVZ/CL2gEfJDE5AUhOX+2Q==",
        "dependencies": {
          "xunit.analyzers": "1.16.0",
          "xunit.assert": "2.9.2",
          "xunit.core": "[2.9.2]"
        }
      },
      "xunit.runner.console": {
        "type": "Direct",
        "requested": "[2.9.2, )",
        "resolved": "2.9.2",
        "contentHash": "bzxrKRk1rm2ro//ElUS8MEejvOjYIpXHbt3XrziYBrY9qgqeOb6ULELRshts3M7N6V+wtuRb78u9GJZjqASVdQ=="
      },
      "Arbor.FileSystem": {
        "type": "Transitive",
        "resolved": "0.5.0",
        "contentHash": "oNA6iYzV823QmkDUE4+nz8nJg/sGnw19ff7Pp5br2aGWb/dpfRE6HbuQ8NVislPeM5pWvn+fKrQ3X5HldwPPEA==",
        "dependencies": {
          "JetBrains.Annotations": "2021.3.0",
          "zio": "0.13.0"
        }
      },
      "Arbor.KVConfiguration.Core": {
        "type": "Transitive",
        "resolved": "2.7.0",
        "contentHash": "Y7zZBciVRHO0Dw7UeOkBB2fPnjSAQpqNS9jMxt8zHYmL2VLvGNUGXydYc/KwUbPQXwUVfDximtY3jlbbyS8SzQ==",
        "dependencies": {
          "Microsoft.Extensions.Primitives": "[8.0.0, 9.0.0)"
        }
      },
      "Arbor.KVConfiguration.JsonConfiguration": {
        "type": "Transitive",
        "resolved": "2.7.0",
        "contentHash": "yF6SosK7E5vMax/Q6KSvwnnX0J+bnSwhbvQm/x2JTv2cpof6e1L04OieDT+wUKNe+lWgIK1MbO7kIjfRaVZ/Wg==",
        "dependencies": {
          "Arbor.KVConfiguration.Core": "[2.0.0, 3.0.0)",
          "Arbor.KVConfiguration.Schema": "[2.0.0, 3.0.0)",
          "Arbor.KVConfiguration.Schema.Json": "[2.0.0, 3.0.0)",
          "Newtonsoft.Json": "[13.0.3, 14.0.0)"
        }
      },
      "Arbor.KVConfiguration.Schema": {
        "type": "Transitive",
        "resolved": "2.0.0",
        "contentHash": "3jzasZqYThfvHvchm7gWhLVvoY8Lotm6PTXMBgBgK/BJ6fBNe6di+bLqv1DmlvaEXIzassd+Em480SXhWRdz2w==",
        "dependencies": {
          "Arbor.KVConfiguration.Core": "[2.0.0, 3.0.0)"
        }
      },
      "Arbor.KVConfiguration.Schema.Json": {
        "type": "Transitive",
        "resolved": "2.0.0",
        "contentHash": "pRgyq7uIeV1jrIWrfccvkhL2mOPqMmIpC6petKQUSa+IrPcSSei8nQCL+odSm/WybLig53nrEUuG0uTF1m+a/Q==",
        "dependencies": {
          "Arbor.KVConfiguration.Core": "[2.0.0, 3.0.0)",
          "Newtonsoft.Json": "12.0.1"
        }
      },
      "Arbor.Processing": {
        "type": "Transitive",
        "resolved": "0.6.0",
        "contentHash": "KcuciNAfg/ArkDdcM1hHMeIprKwQjdHWV6zXBFAqmKDxGB9rdDHk9a1jHTVQ5r7y5gxAowCUGLgEcfheKItoig=="
      },
      "JetBrains.Annotations": {
        "type": "Transitive",
        "resolved": "2021.3.0",
        "contentHash": "Ddxjs5RRjf+c8m9m++WvhW1lz1bqNhsTjWvCLbQN9bvKbkJeR9MhtfNwKgBRRdG2yLHcXFr5Lf7fsvvkiPaDRg=="
      },
      "Microsoft.CodeAnalysis.Analyzers": {
        "type": "Transitive",
        "resolved": "3.3.4",
        "contentHash": "AxkxcPR+rheX0SmvpLVIGLhOUXAKG56a64kV9VQZ4y9gR9ZmPXnqZvHJnmwLSwzrEP6junUF11vuc+aqo5r68g=="
      },
      "Microsoft.CodeAnalysis.Common": {
        "type": "Transitive",
        "resolved": "4.11.0",
        "contentHash": "djf8ujmqYImFgB04UGtcsEhHrzVqzHowS+EEl/Yunc5LdrYrZhGBWUTXoCF0NzYXJxtfuD+UVQarWpvrNc94Qg==",
        "dependencies": {
          "Microsoft.CodeAnalysis.Analyzers": "3.3.4",
          "System.Collections.Immutable": "8.0.0",
          "System.Reflection.Metadata": "8.0.0"
        }
      },
      "Microsoft.CodeAnalysis.Compilers": {
        "type": "Transitive",
        "resolved": "4.11.0",
        "contentHash": "CUzCrfuWGR5+kEoXpU8vkvBPJN96j29oFvULNagO5Cob4XPny5tv/2roh1OZimmojpAtC8hX6stKTlna9stgFA==",
        "dependencies": {
          "Microsoft.CodeAnalysis.Analyzers": "3.3.4",
          "Microsoft.CodeAnalysis.CSharp": "[4.11.0]",
          "Microsoft.CodeAnalysis.VisualBasic": "[4.11.0]",
          "System.Buffers": "4.5.1",
          "System.Collections.Immutable": "8.0.0",
          "System.Memory": "4.5.5",
          "System.Numerics.Vectors": "4.5.0",
          "System.Reflection.Metadata": "8.0.0",
          "System.Runtime.CompilerServices.Unsafe": "6.0.0",
          "System.Text.Encoding.CodePages": "7.0.0",
          "System.Threading.Tasks.Extensions": "4.5.4"
        }
      },
      "Microsoft.CodeAnalysis.CSharp": {
        "type": "Transitive",
        "resolved": "4.11.0",
        "contentHash": "6XYi2EusI8JT4y2l/F3VVVS+ISoIX9nqHsZRaG6W5aFeJ5BEuBosHfT/ABb73FN0RZ1Z3cj2j7cL28SToJPXOw==",
        "dependencies": {
          "Microsoft.CodeAnalysis.Analyzers": "3.3.4",
          "Microsoft.CodeAnalysis.Common": "[4.11.0]",
          "System.Collections.Immutable": "8.0.0",
          "System.Reflection.Metadata": "8.0.0"
        }
      },
      "Microsoft.CodeAnalysis.VisualBasic": {
        "type": "Transitive",
        "resolved": "4.11.0",
        "contentHash": "1ypssIzZvsDtzyN8tFqZdKS8cl7MAQQ6eBjHGCJ9paLNlmnBd2kCo1GRr8kO0yWaFN/Io2JXaTeeHRDZLiKKyw==",
        "dependencies": {
          "Microsoft.CodeAnalysis.Analyzers": "3.3.4",
          "Microsoft.CodeAnalysis.Common": "[4.11.0]",
          "System.Collections.Immutable": "8.0.0",
          "System.Reflection.Metadata": "8.0.0"
        }
      },
      "Microsoft.CodeCoverage": {
        "type": "Transitive",
        "resolved": "17.11.1",
        "contentHash": "nPJqrcA5iX+Y0kqoT3a+pD/8lrW/V7ayqnEJQsTonSoPz59J8bmoQhcSN4G8+UJ64Hkuf0zuxnfuj2lkHOq4cA=="
      },
      "Microsoft.CSharp": {
        "type": "Transitive",
        "resolved": "4.4.1",
        "contentHash": "A5hI3gk6WpcBI0QGZY6/d5CCaYUxJgi7iENn1uYEng+Olo8RfI5ReGVkjXjeu3VR3srLvVYREATXa2M0X7FYJA=="
      },
      "Microsoft.Extensions.Primitives": {
        "type": "Transitive",
        "resolved": "8.0.0",
        "contentHash": "bXJEZrW9ny8vjMF1JV253WeLhpEVzFo1lyaZu1vQ4ZxWUlVvknZ/+ftFgVheLubb4eZPSwwxBeqS1JkCOjxd8g=="
      },
      "Microsoft.TestPlatform.ObjectModel": {
        "type": "Transitive",
        "resolved": "17.11.1",
        "contentHash": "E2jZqAU6JeWEVsyOEOrSW1o1bpHLgb25ypvKNB/moBXPVsFYBPd/Jwi7OrYahG50J83LfHzezYI+GaEkpAotiA==",
        "dependencies": {
          "System.Reflection.Metadata": "1.6.0"
        }
      },
      "Microsoft.TestPlatform.TestHost": {
        "type": "Transitive",
        "resolved": "17.11.1",
        "contentHash": "DnG+GOqJXO/CkoqlJWeDFTgPhqD/V6VqUIL3vINizCWZ3X+HshCtbbyDdSHQQEjrc2Sl/K3yaxX6s+5LFEdYuw==",
        "dependencies": {
          "Microsoft.TestPlatform.ObjectModel": "17.11.1",
          "Newtonsoft.Json": "13.0.1"
        }
      },
      "Newtonsoft.Json": {
        "type": "Transitive",
        "resolved": "13.0.3",
        "contentHash": "HrC5BXdl00IP9zeV+0Z848QWPAoCr9P3bDEZguI+gkLcBKAOxix/tLEAAHC+UvDNPv4a2d18lOReHMOagPa+zQ=="
      },
      "NuGet.Common": {
        "type": "Transitive",
        "resolved": "6.11.1",
        "contentHash": "6ouw0UC3TGaFHNJyoEK2/Q5jSryRHzcbKGv9C0+t/TPnTP8PoLqnyFxO1dwmQUmJkWuKAUo6Vu0kIXHY/8LyKQ==",
        "dependencies": {
          "NuGet.Frameworks": "6.11.1"
        }
      },
      "NuGet.Configuration": {
        "type": "Transitive",
        "resolved": "6.11.1",
        "contentHash": "vbEe2acKrI2QmNx9U94ewhgUt6cLpwBeQfMtrie6NMz+GkJcX/4qIkKsX3SeBO4gFgCf8eeTyURl5hxPtiUctw==",
        "dependencies": {
          "NuGet.Common": "6.11.1",
          "System.Security.Cryptography.ProtectedData": "4.4.0"
        }
      },
      "NuGet.Frameworks": {
        "type": "Transitive",
        "resolved": "6.11.1",
        "contentHash": "plTZ3ariSWQVsFn2mk83SsdmSg1VpgIMTSZpP/eSE/NNQF02p+M9ItxAYeUZBMX+cQ2nFkSwxQRJ0/fkaV9Hbg=="
      },
      "NuGet.Packaging": {
        "type": "Transitive",
        "resolved": "6.11.1",
        "contentHash": "wiofIUUr7khwuaGXiOibMb7+dEkF97EVsAmzlaNc188HV9ujjqweQMuVCoAK2/MqXdhnrKjvicUfKo9CPsNnfg==",
        "dependencies": {
          "Newtonsoft.Json": "13.0.3",
          "NuGet.Configuration": "6.11.1",
          "NuGet.Versioning": "6.11.1",
          "System.Security.Cryptography.Pkcs": "6.0.4"
        }
      },
      "NuGet.Versioning": {
        "type": "Transitive",
        "resolved": "6.11.1",
        "contentHash": "YNn3BB71F+guJW42TbAhGcMh3gpyqFMZcPVD9pm5vcvGivTALtRely/VCPWQQ6JQ5PfwIrjPaJMO7VnqyeK3rg=="
      },
      "Serilog": {
        "type": "Transitive",
        "resolved": "4.1.0",
        "contentHash": "u1aZI8HZ62LWlq5dZLFwm6jMax/sUwnWZSw5lkPsCt518cJBxFKoNmc7oSxe5aA5BgSkzy9rzwFGR/i/acnSPw=="
      },
      "Serilog.Sinks.Console": {
        "type": "Transitive",
        "resolved": "6.0.0",
        "contentHash": "fQGWqVMClCP2yEyTXPIinSr5c+CBGUvBybPxjAGcf7ctDhadFhrQw03Mv8rJ07/wR5PDfFjewf2LimvXCDzpbA==",
        "dependencies": {
          "Serilog": "4.0.0"
        }
      },
      "System.Buffers": {
        "type": "Transitive",
        "resolved": "4.5.1",
        "contentHash": "Rw7ijyl1qqRS0YQD/WycNst8hUUMgrMH4FCn1nNm27M4VxchZ1js3fVjQaANHO5f3sN4isvP4a+Met9Y4YomAg=="
      },
      "System.Collections.Immutable": {
        "type": "Transitive",
        "resolved": "8.0.0",
        "contentHash": "AurL6Y5BA1WotzlEvVaIDpqzpIPvYnnldxru8oXJU2yFxFUy3+pNXjXd1ymO+RA0rq0+590Q8gaz2l3Sr7fmqg=="
      },
      "System.CommandLine": {
        "type": "Transitive",
        "resolved": "2.0.0-beta1.20574.7",
        "contentHash": "fGqXtGd0UWyVTYRz5hU0fyjR1w7VlrdjmkdADreE9JXMzhWYgYJNxaHWVum40qJjtAT3RLlI0dBf37jmRBh43Q==",
        "dependencies": {
          "Microsoft.CSharp": "4.4.1",
          "system.memory": "4.5.4"
        }
      },
      "System.Memory": {
        "type": "Transitive",
        "resolved": "4.5.5",
        "contentHash": "XIWiDvKPXaTveaB7HVganDlOCRoj03l+jrwNvcge/t8vhGYKvqV+dMv6G4SAX2NoNmN0wZfVPTAlFwZcZvVOUw=="
      },
      "System.Numerics.Vectors": {
        "type": "Transitive",
        "resolved": "4.5.0",
        "contentHash": "QQTlPTl06J/iiDbJCiepZ4H//BVraReU4O4EoRw1U02H5TLUIT7xn3GnDp9AXPSlJUDyFs4uWjWafNX6WrAojQ=="
      },
      "System.Reflection.Metadata": {
        "type": "Transitive",
        "resolved": "8.0.0",
        "contentHash": "ptvgrFh7PvWI8bcVqG5rsA/weWM09EnthFHR5SCnS6IN+P4mj6rE1lBDC4U8HL9/57htKAqy4KQ3bBj84cfYyQ==",
        "dependencies": {
          "System.Collections.Immutable": "8.0.0"
        }
      },
      "System.Runtime.CompilerServices.Unsafe": {
        "type": "Transitive",
        "resolved": "6.0.0",
        "contentHash": "/iUeP3tq1S0XdNNoMz5C9twLSrM/TH+qElHkXWaPvuNOt+99G75NrV0OS2EqHx5wMN7popYjpc8oTjC1y16DLg=="
      },
      "System.Security.Cryptography.Pkcs": {
        "type": "Transitive",
        "resolved": "6.0.4",
        "contentHash": "LGbXi1oUJ9QgCNGXRO9ndzBL/GZgANcsURpMhNR8uO+rca47SZmciS3RSQUvlQRwK3QHZSHNOXzoMUASKA+Anw==",
        "dependencies": {
          "System.Formats.Asn1": "6.0.0"
        }
      },
      "System.Security.Cryptography.ProtectedData": {
        "type": "Transitive",
        "resolved": "4.4.0",
        "contentHash": "cJV7ScGW7EhatRsjehfvvYVBvtiSMKgN8bOVI0bQhnF5bU7vnHVIsH49Kva7i7GWaWYvmEzkYVk1TC+gZYBEog=="
      },
      "System.Text.Encoding.CodePages": {
        "type": "Transitive",
        "resolved": "7.0.0",
        "contentHash": "LSyCblMpvOe0N3E+8e0skHcrIhgV2huaNcjUUEa8hRtgEAm36aGkRoC8Jxlb6Ra6GSfF29ftduPNywin8XolzQ=="
      },
      "System.Threading.Tasks.Extensions": {
        "type": "Transitive",
        "resolved": "4.5.4",
        "contentHash": "zteT+G8xuGu6mS+mzDzYXbzS7rd3K6Fjb9RiZlYlJPam2/hU7JCBZBVEcywNuR+oZ1ncTvc/cq0faRr3P01OVg=="
      },
      "xunit.abstractions": {
        "type": "Transitive",
        "resolved": "2.0.3",
        "contentHash": "pot1I4YOxlWjIb5jmwvvQNbTrZ3lJQ+jUGkGjWE3hEFM0l5gOnBWS+H3qsex68s5cO52g+44vpGzhAt+42vwKg=="
      },
      "xunit.analyzers": {
        "type": "Transitive",
        "resolved": "1.16.0",
        "contentHash": "hptYM7vGr46GUIgZt21YHO4rfuBAQS2eINbFo16CV/Dqq+24Tp+P5gDCACu1AbFfW4Sp/WRfDPSK8fmUUb8s0Q=="
      },
      "xunit.assert": {
        "type": "Transitive",
        "resolved": "2.9.2",
        "contentHash": "QkNBAQG4pa66cholm28AxijBjrmki98/vsEh4Sx5iplzotvPgpiotcxqJQMRC8d7RV7nIT8ozh97957hDnZwsQ=="
      },
      "xunit.core": {
        "type": "Transitive",
        "resolved": "2.9.2",
        "contentHash": "O6RrNSdmZ0xgEn5kT927PNwog5vxTtKrWMihhhrT0Sg9jQ7iBDciYOwzBgP2krBEk5/GBXI18R1lKvmnxGcb4w==",
        "dependencies": {
          "xunit.extensibility.core": "[2.9.2]",
          "xunit.extensibility.execution": "[2.9.2]"
        }
      },
      "xunit.extensibility.core": {
        "type": "Transitive",
        "resolved": "2.9.2",
        "contentHash": "Ol+KlBJz1x8BrdnhN2DeOuLrr1I/cTwtHCggL9BvYqFuVd/TUSzxNT5O0NxCIXth30bsKxgMfdqLTcORtM52yQ==",
        "dependencies": {
          "xunit.abstractions": "2.0.3"
        }
      },
      "xunit.extensibility.execution": {
        "type": "Transitive",
        "resolved": "2.9.2",
        "contentHash": "rKMpq4GsIUIJibXuZoZ8lYp5EpROlnYaRpwu9Zr0sRZXE7JqJfEEbCsUriZqB+ByXCLFBJyjkTRULMdC+U566g==",
        "dependencies": {
          "xunit.extensibility.core": "[2.9.2]"
        }
      },
      "Zio": {
        "type": "Transitive",
        "resolved": "0.13.0",
        "contentHash": "caQXHcNNPLyF2wB28FttQ4GvF7/CVffbTKpjLk0NDhFwOphZEf/X+mlSFGOoQ0Pqu3BcxHH94x9e+5/d956dfA=="
      },
      "Arbor.NuGet.GlobalTool": {
        "type": "Project",
        "dependencies": {
          "Arbor.FileSystem": "[0.5.0, )",
          "Arbor.KVConfiguration.Core": "[2.7.0, )",
          "Arbor.KVConfiguration.JsonConfiguration": "[2.7.0, )",
          "Arbor.Processing": "[0.6.0, )",
          "Microsoft.CodeAnalysis.CSharp": "[4.11.0, )",
          "Microsoft.CodeAnalysis.Compilers": "[4.11.0, )",
          "Newtonsoft.Json": "[13.0.3, )",
          "NuGet.Packaging": "[6.11.1, )",
          "NuGet.Versioning": "[6.11.1, )",
          "Serilog": "[4.1.0, )",
          "Serilog.Sinks.Console": "[6.0.0, )",
          "System.Collections.Immutable": "[8.0.0, )",
          "System.CommandLine": "[2.0.0-beta1.20574.7, )",
          "System.Formats.Asn1": "[9.0.0, )"
        }
      }
    }
  }
}