{
  "version": 1,
  "dependencies": {
    "net8.0": {
      "Microsoft.NET.Test.Sdk": {
        "type": "Direct",
        "requested": "[17.9.0, )",
        "resolved": "17.9.0",
        "contentHash": "7GUNAUbJYn644jzwLm5BD3a2p9C1dmP8Hr6fDPDxgItQk9hBs1Svdxzz07KQ/UphMSmgza9AbijBJGmw5D658A==",
        "dependencies": {
          "Microsoft.CodeCoverage": "17.9.0",
          "Microsoft.TestPlatform.TestHost": "17.9.0"
        }
      },
      "Serilog.Sinks.XUnit": {
        "type": "Direct",
        "requested": "[3.0.5, )",
        "resolved": "3.0.5",
        "contentHash": "+Lp5sBCcdtb7b2Kpjr6rtgg9ZWFCM8Tlp2dlFkfvBfFQd3Zw81HQdP5FKXggLAwbE8tX/i5odAIhjly9C5jUrw==",
        "dependencies": {
          "Serilog": "2.12.0",
          "xunit.abstractions": "2.0.3",
          "xunit.extensibility.core": "2.4.2",
          "xunit.extensibility.execution": "2.4.2"
        }
      },
      "xunit": {
        "type": "Direct",
        "requested": "[2.7.1, )",
        "resolved": "2.7.1",
        "contentHash": "9o050yCLzPvHxbrAkaHnI1j+YfPvRw+/ncvKbTfzIhO4JvQA0rPgoICJxXHMkscfgXmLFwZ8107ehnMUVzE23A==",
        "dependencies": {
          "xunit.analyzers": "1.12.0",
          "xunit.assert": "2.7.1",
          "xunit.core": "[2.7.1]"
        }
      },
      "xunit.runner.console": {
        "type": "Direct",
        "requested": "[2.7.1, )",
        "resolved": "2.7.1",
        "contentHash": "c0TJoh2ZdSdLJgIvI1pF9YHyF7OZwDxqyriBTQvnpd4/PlhKPacGQVIER43mIIROGOuilcpiRWg05NBE0gDaMQ=="
      },
      "Arbor.FileSystem": {
        "type": "Transitive",
        "resolved": "0.5.0",
        "contentHash": "oNA6iYzV823QmkDUE4+nz8nJg/sGnw19ff7Pp5br2aGWb/dpfRE6HbuQ8NVislPeM5pWvn+fKrQ3X5HldwPPEA==",
        "dependencies": {
          "JetBrains.Annotations": "2021.3.0",
          "zio": "0.13.0"
        }
      },
      "Arbor.KVConfiguration.Core": {
        "type": "Transitive",
        "resolved": "2.6.0",
        "contentHash": "jKmaRuOzE4hmbNaNfrLXY5i7KkTcacCb0AYnUfPLRsfwhrITFE8LCbm+Ny9SquU89ii9Ug4QswLvqPJhQLeSTA==",
        "dependencies": {
          "Microsoft.Extensions.Primitives": "[8.0.0, 9.0.0)"
        }
      },
      "Arbor.KVConfiguration.JsonConfiguration": {
        "type": "Transitive",
        "resolved": "2.6.0",
        "contentHash": "iEMqPJkiW35vJaOLfwad614QelSp6jHxTJx3yDTKypNFqT5GJzfnzDrvs/ZYeGIpGnsgY9SLvQK/9IilbT4CHQ==",
        "dependencies": {
          "Arbor.KVConfiguration.Core": "[2.0.0, 3.0.0)",
          "Arbor.KVConfiguration.Schema": "[2.0.0, 3.0.0)",
          "Arbor.KVConfiguration.Schema.Json": "[2.0.0, 3.0.0)",
          "Newtonsoft.Json": "[13.0.3, 14.0.0)"
        }
      },
      "Arbor.KVConfiguration.Schema": {
        "type": "Transitive",
        "resolved": "2.0.0",
        "contentHash": "3jzasZqYThfvHvchm7gWhLVvoY8Lotm6PTXMBgBgK/BJ6fBNe6di+bLqv1DmlvaEXIzassd+Em480SXhWRdz2w==",
        "dependencies": {
          "Arbor.KVConfiguration.Core": "[2.0.0, 3.0.0)"
        }
      },
      "Arbor.KVConfiguration.Schema.Json": {
        "type": "Transitive",
        "resolved": "2.0.0",
        "contentHash": "pRgyq7uIeV1jrIWrfccvkhL2mOPqMmIpC6petKQUSa+IrPcSSei8nQCL+odSm/WybLig53nrEUuG0uTF1m+a/Q==",
        "dependencies": {
          "Arbor.KVConfiguration.Core": "[2.0.0, 3.0.0)",
          "Newtonsoft.Json": "12.0.1"
        }
      },
      "Arbor.Processing": {
        "type": "Transitive",
        "resolved": "0.6.0",
        "contentHash": "KcuciNAfg/ArkDdcM1hHMeIprKwQjdHWV6zXBFAqmKDxGB9rdDHk9a1jHTVQ5r7y5gxAowCUGLgEcfheKItoig=="
      },
      "JetBrains.Annotations": {
        "type": "Transitive",
        "resolved": "2021.3.0",
        "contentHash": "Ddxjs5RRjf+c8m9m++WvhW1lz1bqNhsTjWvCLbQN9bvKbkJeR9MhtfNwKgBRRdG2yLHcXFr5Lf7fsvvkiPaDRg=="
      },
      "Microsoft.CodeAnalysis.Analyzers": {
        "type": "Transitive",
        "resolved": "3.3.4",
        "contentHash": "AxkxcPR+rheX0SmvpLVIGLhOUXAKG56a64kV9VQZ4y9gR9ZmPXnqZvHJnmwLSwzrEP6junUF11vuc+aqo5r68g=="
      },
      "Microsoft.CodeAnalysis.Common": {
        "type": "Transitive",
        "resolved": "4.9.2",
        "contentHash": "M5PThug7b2AdxL7xKmQs50KzAQTl9jENw5jMT3iUt16k+DAFlw1S87juU3UuPs3gvBm8trMBSOEvSFDr31c9Vw==",
        "dependencies": {
          "Microsoft.CodeAnalysis.Analyzers": "3.3.4",
          "System.Collections.Immutable": "8.0.0",
          "System.Reflection.Metadata": "8.0.0",
          "System.Runtime.CompilerServices.Unsafe": "6.0.0"
        }
      },
      "Microsoft.CodeAnalysis.Compilers": {
        "type": "Transitive",
        "resolved": "4.9.2",
        "contentHash": "b+NphvJgYlh7DT/amgivtaWTO1xk+omdszJvuUpg2j+BCqol5sVakDoBlmeRZVFUiQQR7JM07rK3z81D6IZQ1w==",
        "dependencies": {
          "Microsoft.CodeAnalysis.CSharp": "[4.9.2]",
          "Microsoft.CodeAnalysis.VisualBasic": "[4.9.2]"
        }
      },
      "Microsoft.CodeAnalysis.CSharp": {
        "type": "Transitive",
        "resolved": "4.9.2",
        "contentHash": "HGIo7E9Mf3exAJbUdYpDFfLoYkSVaHDJXPyusWTYUTBaOPCowGw+Gap5McE1w+K+ryIXre72oiqL88sQHmHBmg==",
        "dependencies": {
          "Microsoft.CodeAnalysis.Common": "[4.9.2]"
        }
      },
      "Microsoft.CodeAnalysis.VisualBasic": {
        "type": "Transitive",
        "resolved": "4.9.2",
        "contentHash": "7Yt2bP7XwAQP2Y3GLyEMrVSAhYiFCjQbtegjL1ac0aHRosZ5YZ2Ruk6p3YAXJLuZ4kH1RtasQq2l4QDtql4AvQ==",
        "dependencies": {
          "Microsoft.CodeAnalysis.Common": "[4.9.2]"
        }
      },
      "Microsoft.CodeCoverage": {
        "type": "Transitive",
        "resolved": "17.9.0",
        "contentHash": "RGD37ZSrratfScYXm7M0HjvxMxZyWZL4jm+XgMZbkIY1UPgjUpbNA/t+WTGj/rC/0Hm9A3IrH3ywbKZkOCnoZA=="
      },
      "Microsoft.CSharp": {
        "type": "Transitive",
        "resolved": "4.4.1",
        "contentHash": "A5hI3gk6WpcBI0QGZY6/d5CCaYUxJgi7iENn1uYEng+Olo8RfI5ReGVkjXjeu3VR3srLvVYREATXa2M0X7FYJA=="
      },
      "Microsoft.Extensions.Primitives": {
        "type": "Transitive",
        "resolved": "8.0.0",
        "contentHash": "bXJEZrW9ny8vjMF1JV253WeLhpEVzFo1lyaZu1vQ4ZxWUlVvknZ/+ftFgVheLubb4eZPSwwxBeqS1JkCOjxd8g=="
      },
      "Microsoft.TestPlatform.ObjectModel": {
        "type": "Transitive",
        "resolved": "17.9.0",
        "contentHash": "1ilw/8vgmjLyKU+2SKXKXaOqpYFJCQfGqGz+x0cosl981VzjrY74Sv6qAJv+neZMZ9ZMxF3ArN6kotaQ4uvEBw==",
        "dependencies": {
          "System.Reflection.Metadata": "1.6.0"
        }
      },
      "Microsoft.TestPlatform.TestHost": {
        "type": "Transitive",
        "resolved": "17.9.0",
        "contentHash": "Spmg7Wx49Ya3SxBjyeAR+nQpjMTKZwTwpZ7KyeOTIqI/WHNPnBU4HUvl5kuHPQAwGWqMy4FGZja1HvEwvoaDiA==",
        "dependencies": {
          "Microsoft.TestPlatform.ObjectModel": "17.9.0",
          "Newtonsoft.Json": "13.0.1"
        }
      },
      "Newtonsoft.Json": {
        "type": "Transitive",
        "resolved": "13.0.3",
        "contentHash": "HrC5BXdl00IP9zeV+0Z848QWPAoCr9P3bDEZguI+gkLcBKAOxix/tLEAAHC+UvDNPv4a2d18lOReHMOagPa+zQ=="
      },
      "NuGet.Common": {
        "type": "Transitive",
        "resolved": "6.9.1",
        "contentHash": "FbuWZBjQ1NJXBDqCwSddN2yvw3Plq3sTCIh0nc66Hu8jrNr+BOaxlKZv78jvJ+pSy8BvurYOdF9sl9KoORjrtg==",
        "dependencies": {
          "NuGet.Frameworks": "6.9.1"
        }
      },
      "NuGet.Configuration": {
        "type": "Transitive",
        "resolved": "6.9.1",
        "contentHash": "GM06pcUzWdNsizeGciqCjAhryfI1F/rQPETLDF+8pDRgzVpA+wKAR01/4aFU+IXzugnQ9LqOb5YyCRuR1OVZiQ==",
        "dependencies": {
          "NuGet.Common": "6.9.1",
          "System.Security.Cryptography.ProtectedData": "4.4.0"
        }
      },
      "NuGet.Frameworks": {
        "type": "Transitive",
        "resolved": "6.9.1",
        "contentHash": "DaKh3lenPUvzGccPkbI97BIvA27z+/UsL3ankfoZlX/4vBVDK5N1sheFTQ+GuJf+IgSzsJz/A21SPUpQLHwUtA=="
      },
      "NuGet.Packaging": {
        "type": "Transitive",
        "resolved": "6.9.1",
        "contentHash": "6FyasOxKInCELJ+pGy8f17ub9st6ofFeNcBNTo7CRiPJlxyhJfKGKNpfe3HHYwvnZhc3Vdfr0kSR+f1BVGDuTA==",
        "dependencies": {
          "Newtonsoft.Json": "13.0.3",
          "NuGet.Configuration": "6.9.1",
          "NuGet.Versioning": "6.9.1",
          "System.Security.Cryptography.Pkcs": "6.0.4"
        }
      },
      "NuGet.Versioning": {
        "type": "Transitive",
        "resolved": "6.9.1",
        "contentHash": "ypnSvEtpNGo48bAWn95J1oHChycCXcevFSbn53fqzLxlXFSZP7dawu8p/7mHAfGufZQSV2sBpW80XQGIfXO8kQ=="
      },
      "Serilog": {
        "type": "Transitive",
        "resolved": "3.1.1",
        "contentHash": "P6G4/4Kt9bT635bhuwdXlJ2SCqqn2nhh4gqFqQueCOr9bK/e7W9ll/IoX1Ter948cV2Z/5+5v8pAfJYUISY03A=="
      },
      "Serilog.Sinks.Console": {
        "type": "Transitive",
        "resolved": "5.0.1",
        "contentHash": "6Jt8jl9y2ey8VV7nVEUAyjjyxjAQuvd5+qj4XYAT9CwcsvR70HHULGBeD+K2WCALFXf7CFsNQT4lON6qXcu2AA==",
        "dependencies": {
          "Serilog": "3.1.1"
        }
      },
      "System.Collections.Immutable": {
        "type": "Transitive",
        "resolved": "8.0.0",
        "contentHash": "AurL6Y5BA1WotzlEvVaIDpqzpIPvYnnldxru8oXJU2yFxFUy3+pNXjXd1ymO+RA0rq0+590Q8gaz2l3Sr7fmqg=="
      },
      "System.CommandLine": {
        "type": "Transitive",
        "resolved": "2.0.0-beta1.20574.7",
        "contentHash": "fGqXtGd0UWyVTYRz5hU0fyjR1w7VlrdjmkdADreE9JXMzhWYgYJNxaHWVum40qJjtAT3RLlI0dBf37jmRBh43Q==",
        "dependencies": {
          "Microsoft.CSharp": "4.4.1",
          "system.memory": "4.5.4"
        }
      },
      "System.Formats.Asn1": {
        "type": "Transitive",
        "resolved": "6.0.0",
        "contentHash": "T6fD00dQ3NTbPDy31m4eQUwKW84s03z0N2C8HpOklyeaDgaJPa/TexP4/SkORMSOwc7WhKifnA6Ya33AkzmafA=="
      },
      "System.Memory": {
        "type": "Transitive",
        "resolved": "4.5.4",
        "contentHash": "1MbJTHS1lZ4bS4FmsJjnuGJOu88ZzTT2rLvrhW7Ygic+pC0NWA+3hgAen0HRdsocuQXCkUTdFn9yHJJhsijDXw=="
      },
      "System.Reflection.Metadata": {
        "type": "Transitive",
        "resolved": "8.0.0",
        "contentHash": "ptvgrFh7PvWI8bcVqG5rsA/weWM09EnthFHR5SCnS6IN+P4mj6rE1lBDC4U8HL9/57htKAqy4KQ3bBj84cfYyQ==",
        "dependencies": {
          "System.Collections.Immutable": "8.0.0"
        }
      },
      "System.Runtime.CompilerServices.Unsafe": {
        "type": "Transitive",
        "resolved": "6.0.0",
        "contentHash": "/iUeP3tq1S0XdNNoMz5C9twLSrM/TH+qElHkXWaPvuNOt+99G75NrV0OS2EqHx5wMN7popYjpc8oTjC1y16DLg=="
      },
      "System.Security.Cryptography.Pkcs": {
        "type": "Transitive",
        "resolved": "6.0.4",
        "contentHash": "LGbXi1oUJ9QgCNGXRO9ndzBL/GZgANcsURpMhNR8uO+rca47SZmciS3RSQUvlQRwK3QHZSHNOXzoMUASKA+Anw==",
        "dependencies": {
          "System.Formats.Asn1": "6.0.0"
        }
      },
      "System.Security.Cryptography.ProtectedData": {
        "type": "Transitive",
        "resolved": "4.4.0",
        "contentHash": "cJV7ScGW7EhatRsjehfvvYVBvtiSMKgN8bOVI0bQhnF5bU7vnHVIsH49Kva7i7GWaWYvmEzkYVk1TC+gZYBEog=="
      },
      "xunit.abstractions": {
        "type": "Transitive",
        "resolved": "2.0.3",
        "contentHash": "pot1I4YOxlWjIb5jmwvvQNbTrZ3lJQ+jUGkGjWE3hEFM0l5gOnBWS+H3qsex68s5cO52g+44vpGzhAt+42vwKg=="
      },
      "xunit.analyzers": {
        "type": "Transitive",
        "resolved": "1.12.0",
        "contentHash": "w23LH3aXade2WXKvXi0oA/uV15fpgUMjsPq1x91iQckzgWApgAiijNHmfFQtqNPm41wfrdbRl7nSJRd0yux/dw=="
      },
      "xunit.assert": {
        "type": "Transitive",
        "resolved": "2.7.1",
        "contentHash": "JqvXS4yX+PtJn5BuqoKkYav7I0g4nXcxRbGTomDwVQjFccOdyfYKpuPOHX/DqrPCcL+MIHrGVdP3bveUXlvdnA=="
      },
      "xunit.core": {
        "type": "Transitive",
        "resolved": "2.7.1",
        "contentHash": "hcODgS+RXdjmXq0zQzmRbERQgY+bAGGx1bdH3370t/8CTGmIEU2qAc1dQAjIRpARsacR0cj6LLJDUF5BNQNKTQ==",
        "dependencies": {
          "xunit.extensibility.core": "[2.7.1]",
          "xunit.extensibility.execution": "[2.7.1]"
        }
      },
      "xunit.extensibility.core": {
        "type": "Transitive",
        "resolved": "2.7.1",
        "contentHash": "yLX4XlBFkvNYCzf+DEzlNk45KsSlu9W93IJHBmtUP96qZ9XyRYDFlwMj6BCcOhDKVNrZxSM8bqu4F/Qud4ehxA==",
        "dependencies": {
          "xunit.abstractions": "2.0.3"
        }
      },
      "xunit.extensibility.execution": {
        "type": "Transitive",
        "resolved": "2.7.1",
        "contentHash": "ei3dKF8agj4UKkJ6KkaZ5/Gcif3if6hBsyzegIQJonZDSKZFvb0AyKtyOhDfggBaXVL5iXZExITdRkfjC95yhw==",
        "dependencies": {
          "xunit.extensibility.core": "[2.7.1]"
        }
      },
      "Zio": {
        "type": "Transitive",
        "resolved": "0.13.0",
        "contentHash": "caQXHcNNPLyF2wB28FttQ4GvF7/CVffbTKpjLk0NDhFwOphZEf/X+mlSFGOoQ0Pqu3BcxHH94x9e+5/d956dfA=="
      },
      "Arbor.NuGet.GlobalTool": {
        "type": "Project",
        "dependencies": {
          "Arbor.FileSystem": "[0.5.0, )",
          "Arbor.KVConfiguration.Core": "[2.6.0, )",
          "Arbor.KVConfiguration.JsonConfiguration": "[2.6.0, )",
          "Arbor.Processing": "[0.6.0, )",
          "Microsoft.CodeAnalysis.CSharp": "[4.9.2, )",
          "Microsoft.CodeAnalysis.Compilers": "[4.9.2, )",
          "Newtonsoft.Json": "[13.0.3, )",
          "NuGet.Packaging": "[6.9.1, )",
          "NuGet.Versioning": "[6.9.1, )",
          "Serilog": "[3.1.1, )",
          "Serilog.Sinks.Console": "[5.0.1, )",
          "System.Collections.Immutable": "[8.0.0, )",
          "System.CommandLine": "[2.0.0-beta1.20574.7, )"
        }
      }
    }
  }
}