{
  "version": 1,
  "dependencies": {
    "net10.0": {
      "Arbor.FileSystem": {
        "type": "Direct",
        "requested": "[0.6.0, )",
        "resolved": "0.6.0",
        "contentHash": "96i90GxPeVRXfMjj1Gzzg7Wi+CVscm8aj8RqBkl4FFaK+HmwsB8zE2P5HUSYR6ik0OJNlVRw+ksJecS/otiLPw==",
        "dependencies": {
          "JetBrains.Annotations": "2024.3.0",
          "zio": "0.19.2"
        }
      },
      "Arbor.KVConfiguration.Core": {
        "type": "Direct",
        "requested": "[3.0.0, )",
        "resolved": "3.0.0",
        "contentHash": "NCFMVWhWqRY6i8/V3NT5OGEc4EnR5h5PqGVjWBnYjHqH85Zgp7hQl09zRR9WeP6mjRLDPd+WHgHVIxYBfN8HEQ==",
        "dependencies": {
          "Microsoft.Extensions.Primitives": "[10.0.0, 11.0.0)"
        }
      },
      "Arbor.KVConfiguration.JsonConfiguration": {
        "type": "Direct",
        "requested": "[3.0.0, )",
        "resolved": "3.0.0",
        "contentHash": "JlHUHrwaJEknDTegLAHIvFdBII7kxSI9ZNxARvBcWBYZnx1XGavIAGrDf8NdHYP4Y3y2lXRonDlEtUqO9l7CVg==",
        "dependencies": {
          "Arbor.KVConfiguration.Schema.Json": "[3.0.0, 4.0.0)",
          "Newtonsoft.Json": "[13.0.3, 14.0.0)"
        }
      },
      "Arbor.Processing": {
        "type": "Direct",
        "requested": "[0.6.0, )",
        "resolved": "0.6.0",
        "contentHash": "KcuciNAfg/ArkDdcM1hHMeIprKwQjdHWV6zXBFAqmKDxGB9rdDHk9a1jHTVQ5r7y5gxAowCUGLgEcfheKItoig=="
      },
      "Microsoft.CodeAnalysis.Compilers": {
        "type": "Direct",
        "requested": "[5.0.0, )",
        "resolved": "5.0.0",
        "contentHash": "BPwenPiXapKV9E16VMANPlE05Du9V/+VyJMe4clK1zjIO3OwUevUvU0+hKc49AHXxbvqtmJJNfNi5f5tGSgBcQ==",
        "dependencies": {
          "Microsoft.CodeAnalysis.Analyzers": "3.11.0",
          "Microsoft.CodeAnalysis.CSharp": "[5.0.0]",
          "Microsoft.CodeAnalysis.VisualBasic": "[5.0.0]"
        }
      },
      "Microsoft.CodeAnalysis.CSharp": {
        "type": "Direct",
        "requested": "[5.0.0, )",
        "resolved": "5.0.0",
        "contentHash": "5DSyJ9bk+ATuDy7fp2Zt0mJStDVKbBoiz1DyfAwSa+k4H4IwykAUcV3URelw5b8/iVbfSaOwkwmPUZH6opZKCw==",
        "dependencies": {
          "Microsoft.CodeAnalysis.Analyzers": "3.11.0",
          "Microsoft.CodeAnalysis.Common": "[5.0.0]"
        }
      },
      "Microsoft.VisualStudio.Threading.Analyzers": {
        "type": "Direct",
        "requested": "[17.14.15, )",
        "resolved": "17.14.15",
        "contentHash": "mXQPJsbuUD2ydq4/ffd8h8tSOFCXec+2xJOVNCvXjuMOq/+5EKHq3D2m2MC2+nUaXeFMSt66VS/J4HdKBixgcw=="
      },
      "Newtonsoft.Json": {
        "type": "Direct",
        "requested": "[13.0.4, )",
        "resolved": "13.0.4",
        "contentHash": "pdgNNMai3zv51W5aq268sujXUyx7SNdE2bj1wZcWjAQrKMFZV260lbqYop1d2GM67JI1huLRwxo9ZqnfF/lC6A=="
      },
      "NuGet.Packaging": {
        "type": "Direct",
        "requested": "[7.0.1, )",
        "resolved": "7.0.1",
        "contentHash": "hpC6Fx5VlMa42cSZDQ10TKDFHLoMpa8NbDwYSnCiGd4IPiG9+5ywWuxHjVbYYA7/PmJry5hs1GyJjvHV8bQmLw==",
        "dependencies": {
          "Newtonsoft.Json": "13.0.3",
          "NuGet.Configuration": "7.0.1",
          "NuGet.Versioning": "7.0.1",
          "System.Security.Cryptography.Pkcs": "9.0.6"
        }
      },
      "NuGet.Versioning": {
        "type": "Direct",
        "requested": "[7.0.1, )",
        "resolved": "7.0.1",
        "contentHash": "tu68LnZqiLM/VyLQzPRqedopMi/M+5/6JqwB2Xkd0AWXRpUWewkVv77asVB7wgjMPVzQFK2sBy7AuxV49UzuvQ=="
      },
      "Serilog": {
        "type": "Direct",
        "requested": "[4.3.0, )",
        "resolved": "4.3.0",
        "contentHash": "+cDryFR0GRhsGOnZSKwaDzRRl4MupvJ42FhCE4zhQRVanX0Jpg6WuCBk59OVhVDPmab1bB+nRykAnykYELA9qQ=="
      },
      "Serilog.Sinks.Console": {
        "type": "Direct",
        "requested": "[6.1.1, )",
        "resolved": "6.1.1",
        "contentHash": "8jbqgjUyZlfCuSTaJk6lOca465OndqOz3KZP6Cryt/IqZYybyBu7GP0fE/AXBzrrQB3EBmQntBFAvMVz1COvAA==",
        "dependencies": {
          "Serilog": "4.0.0"
        }
      },
      "SonarAnalyzer.CSharp": {
        "type": "Direct",
        "requested": "[10.16.1.129956, )",
        "resolved": "10.16.1.129956",
        "contentHash": "XjMarxz00Xc+GD8JGYut1swL0RIw2iwfBhltEITsxsqC/MDLjK+8dk58fPYkS+YPwtdqzkU4VUuSqX3qrN2HYA=="
      },
      "System.CommandLine": {
        "type": "Direct",
        "requested": "[2.0.0-beta1.20574.7, )",
        "resolved": "2.0.0-beta1.20574.7",
        "contentHash": "fGqXtGd0UWyVTYRz5hU0fyjR1w7VlrdjmkdADreE9JXMzhWYgYJNxaHWVum40qJjtAT3RLlI0dBf37jmRBh43Q=="
      },
      "Arbor.KVConfiguration.Schema.Json": {
        "type": "Transitive",
        "resolved": "3.0.0",
        "contentHash": "ex3aqYhy15Fvl9k0elcjTnZ2p82NiZpuOR4i/kNPv6CN+5RNGNi2daqjDMH7KBvYlhTjbZ2VrPtzfxJ3PulGgg==",
        "dependencies": {
          "Arbor.KVConfiguration.Core": "[3.0.0, 4.0.0)",
          "Newtonsoft.Json": "13.0.3"
        }
      },
      "JetBrains.Annotations": {
        "type": "Transitive",
        "resolved": "2024.3.0",
        "contentHash": "ox5pkeLQXjvJdyAB4b2sBYAlqZGLh3PjSnP1bQNVx72ONuTJ9+34/+Rq91Fc0dG29XG9RgZur9+NcP4riihTug=="
      },
      "Microsoft.CodeAnalysis.Analyzers": {
        "type": "Transitive",
        "resolved": "3.11.0",
        "contentHash": "v/EW3UE8/lbEYHoC2Qq7AR/DnmvpgdtAMndfQNmpuIMx/Mto8L5JnuCfdBYtgvalQOtfNCnxFejxuRrryvUTsg=="
      },
      "Microsoft.CodeAnalysis.Common": {
        "type": "Transitive",
        "resolved": "5.0.0",
        "contentHash": "ZXRAdvH6GiDeHRyd3q/km8Z44RoM6FBWHd+gen/la81mVnAdHTEsEkO5J0TCNXBymAcx5UYKt5TvgKBhaLJEow==",
        "dependencies": {
          "Microsoft.CodeAnalysis.Analyzers": "3.11.0"
        }
      },
      "Microsoft.CodeAnalysis.VisualBasic": {
        "type": "Transitive",
        "resolved": "5.0.0",
        "contentHash": "sUBWvHs2HgHGA+b716dgjS7JiXGen5ntyohAurPLR1ZiZzFp3FlnVA7GrMTqVGdVJTVqiC3c4K8k1bk0gj6IPg==",
        "dependencies": {
          "Microsoft.CodeAnalysis.Analyzers": "3.11.0",
          "Microsoft.CodeAnalysis.Common": "[5.0.0]"
        }
      },
      "Microsoft.Extensions.Primitives": {
        "type": "Transitive",
        "resolved": "10.0.0",
        "contentHash": "inRnbpCS0nwO/RuoZIAqxQUuyjaknOOnCEZB55KSMMjRhl0RQDttSmLSGsUJN3RQ3ocf5NDLFd2mOQViHqMK5w=="
      },
      "NuGet.Common": {
        "type": "Transitive",
        "resolved": "7.0.1",
        "contentHash": "AegMASeOhhm2flGk53b/YtINs2H+zKMnV5fTs3rRo08JMQ3gqrbJUSjiEMOKt5d541IhVA+pHDWVsDCZ+5g7Fg==",
        "dependencies": {
          "NuGet.Frameworks": "7.0.1"
        }
      },
      "NuGet.Configuration": {
        "type": "Transitive",
        "resolved": "7.0.1",
        "contentHash": "En8aIvZywOmgi+Q2Tv7VUELSYc3OCTwmzItr2N3j5pVIBQE92HbOa1b4+fJJbl9X/rAOkNon3fxjwYeqrdMRrw==",
        "dependencies": {
          "NuGet.Common": "7.0.1",
          "System.Security.Cryptography.ProtectedData": "9.0.6"
        }
      },
      "NuGet.Frameworks": {
        "type": "Transitive",
        "resolved": "7.0.1",
        "contentHash": "dUDwg8VYTyT+ZbLdC7hUUHFF530HeRl4jcxclKJY0o96f3nv0eZvojXwjRkq2HKzuyRCcVD4T24aEF83CUmBzA=="
      },
      "System.Security.Cryptography.Pkcs": {
        "type": "Transitive",
        "resolved": "9.0.6",
        "contentHash": "Gny8p2mX0jc5rjh+PA4Gx5GG66sj2C+e+ro7+j/3IsKT/bmQ84tGRV+XKaG+5/CTCdwkSSKDWEQ1rJd0J5jE0Q=="
      },
      "System.Security.Cryptography.ProtectedData": {
        "type": "Transitive",
        "resolved": "9.0.6",
        "contentHash": "yErfw/3pZkJE/VKza/Cm5idTpIKOy/vsmVi59Ta5SruPVtubzxb8CtnE8tyUpzs5pr0Y28GUFfSVzAhCLN3F/Q=="
      },
      "Zio": {
        "type": "Transitive",
        "resolved": "0.19.2",
        "contentHash": "3SArsp3QZH9b3qmkfmSp0IlYF9954YEPWbSBaemTcf/iYBrce3qI3fLzHGHkuVyy3Cd5QYNdyPIl/S8HXKHWtg=="
      }
    }
  }
}