{
  "version": 1,
  "dependencies": {
    "net6.0": {
      "Arbor.FileSystem": {
        "type": "Direct",
        "requested": "[0.5.0, )",
        "resolved": "0.5.0",
        "contentHash": "oNA6iYzV823QmkDUE4+nz8nJg/sGnw19ff7Pp5br2aGWb/dpfRE6HbuQ8NVislPeM5pWvn+fKrQ3X5HldwPPEA==",
        "dependencies": {
          "JetBrains.Annotations": "2021.3.0",
          "zio": "0.13.0"
        }
      },
      "Arbor.KVConfiguration.Core": {
        "type": "Direct",
        "requested": "[2.4.0-build.1668196076, )",
        "resolved": "2.4.0-build.1668196076",
        "contentHash": "r/xDmbiS2Fxm0LIqXcIZL9hEziwefZQIXMEPgsXZE0Vv1JqmH2ehEXKO3NZJ4fYr2P+yqo0tkTn6B05MAhhEEA==",
        "dependencies": {
          "Microsoft.Extensions.Primitives": "[3.0.0, 8.0.0)",
          "System.Collections.Immutable": "[1.5.0, 8.0.0)"
        }
      },
      "Arbor.KVConfiguration.JsonConfiguration": {
        "type": "Direct",
        "requested": "[2.4.0-build.1668196076, )",
        "resolved": "2.4.0-build.1668196076",
        "contentHash": "7tdwyNz9xs9qS36jRIXF3mtza/g32XGix0V5HQ8udqHS0yJQTLVPDEyEj4z8OV3BIEasPkXcBtlCJKiACXzXZQ==",
        "dependencies": {
          "Arbor.KVConfiguration.Core": "[2.0.0, 3.0.0)",
          "Arbor.KVConfiguration.Schema": "[2.0.0, 3.0.0)",
          "Arbor.KVConfiguration.Schema.Json": "[2.0.0, 3.0.0)",
          "Newtonsoft.Json": "[13.0.1, 14.0.0)"
        }
      },
      "Arbor.Processing": {
        "type": "Direct",
        "requested": "[0.6.0, )",
        "resolved": "0.6.0",
        "contentHash": "KcuciNAfg/ArkDdcM1hHMeIprKwQjdHWV6zXBFAqmKDxGB9rdDHk9a1jHTVQ5r7y5gxAowCUGLgEcfheKItoig=="
      },
      "JetBrains.Annotations": {
        "type": "Direct",
        "requested": "[2022.3.1, )",
        "resolved": "2022.3.1",
        "contentHash": "11nsS3+lFICGkztVs9PP2NRItxf9fF+qD6xEW/T0YGto52zj07wseUeBdMAU1ah9HNVTDZyRC1u4NWdtJScwhw=="
      },
      "Microsoft.CodeAnalysis.Compilers": {
        "type": "Direct",
        "requested": "[4.3.1, )",
        "resolved": "4.3.1",
        "contentHash": "ScAIyXUhxi08SWRlOUs028V+Pnj3a2lovn5CUlnHaqZl3IeMTXDmFrtiHczxk2I4wUea/OFAtQf4wNccrMeqXw==",
        "dependencies": {
          "Microsoft.CodeAnalysis.CSharp": "[4.3.1]",
          "Microsoft.CodeAnalysis.VisualBasic": "[4.3.1]"
        }
      },
      "Microsoft.CodeAnalysis.CSharp": {
        "type": "Direct",
        "requested": "[4.3.1, )",
        "resolved": "4.3.1",
        "contentHash": "5C9VHvahL98tumlyaT/loB5rW+K/6q0UU7uLyT1Dv15YjZraRkqML9u2t2e8GaO7XqEOtBVqK/SlxXOPqwzxog==",
        "dependencies": {
          "Microsoft.CodeAnalysis.Common": "[4.3.1]"
        }
      },
      "Microsoft.VisualStudio.Threading.Analyzers": {
        "type": "Direct",
        "requested": "[17.4.27, )",
        "resolved": "17.4.27",
        "contentHash": "G1rm7mLDS3axxm6ANzwdNwFJ0fchi3vBe/LsZAEQksEz5qr5XGpf2DdqzgY5JhTATdC+ULSa1TdUfeXM9t3mjg=="
      },
      "Newtonsoft.Json": {
        "type": "Direct",
        "requested": "[13.0.1, )",
        "resolved": "13.0.1",
        "contentHash": "ppPFpBcvxdsfUonNcvITKqLl3bqxWbDCZIzDWHzjpdAHRFfZe0Dw9HmA0+za13IdyrgJwpkDTDA9fHaxOrt20A=="
      },
      "NuGet.Packaging": {
        "type": "Direct",
        "requested": "[6.4.0, )",
        "resolved": "6.4.0",
        "contentHash": "aR10aYqcUMGC2mwMGH5rls/MGaz3EVH8DKTTHQ/EC91hXNtrCTTAQonaRR+v1EItcoxtQeZ/WQOorv4z270Tgg==",
        "dependencies": {
          "Newtonsoft.Json": "13.0.1",
          "NuGet.Configuration": "6.4.0",
          "NuGet.Versioning": "6.4.0",
          "System.Security.Cryptography.Cng": "5.0.0",
          "System.Security.Cryptography.Pkcs": "5.0.0"
        }
      },
      "NuGet.Versioning": {
        "type": "Direct",
        "requested": "[6.4.0, )",
        "resolved": "6.4.0",
        "contentHash": "YE8p3TpX4jIw+Gb24maE8YRDoqWA4imLmCbdOj5IvslLrZJXQ8akeFOGOplxICNVevON1g1SFYT2+cq4yy0nQQ=="
      },
      "Serilog": {
        "type": "Direct",
        "requested": "[2.12.0, )",
        "resolved": "2.12.0",
        "contentHash": "xaiJLIdu6rYMKfQMYUZgTy8YK7SMZjB4Yk50C/u//Z4OsvxkUfSPJy4nknfvwAC34yr13q7kcyh4grbwhSxyZg=="
      },
      "Serilog.Sinks.Console": {
        "type": "Direct",
        "requested": "[4.1.0, )",
        "resolved": "4.1.0",
        "contentHash": "K6N5q+5fetjnJPvCmkWOpJ/V8IEIoMIB1s86OzBrbxwTyHxdx3pmz4H+8+O/Dc/ftUX12DM1aynx/dDowkwzqg==",
        "dependencies": {
          "Serilog": "2.10.0"
        }
      },
      "SonarAnalyzer.CSharp": {
        "type": "Direct",
        "requested": "[8.48.0.56517, )",
        "resolved": "8.48.0.56517",
        "contentHash": "0xyWPd2/8Xjed3+0K70bau/y/3oz5Kxpu52Jo0qT4HM5pnULRl0Fk+hsJ6K8TlruVfJVMgRS5yBfnriihgo+iA=="
      },
      "System.Collections.Immutable": {
        "type": "Direct",
        "requested": "[7.0.0, )",
        "resolved": "7.0.0",
        "contentHash": "dQPcs0U1IKnBdRDBkrCTi1FoajSTBzLcVTpjO4MBCMC7f4pDOIPzgBoX8JjG7X6uZRJ8EBxsi8+DR1JuwjnzOQ==",
        "dependencies": {
          "System.Runtime.CompilerServices.Unsafe": "6.0.0"
        }
      },
      "System.CommandLine": {
        "type": "Direct",
        "requested": "[2.0.0-beta1.20574.7, )",
        "resolved": "2.0.0-beta1.20574.7",
        "contentHash": "fGqXtGd0UWyVTYRz5hU0fyjR1w7VlrdjmkdADreE9JXMzhWYgYJNxaHWVum40qJjtAT3RLlI0dBf37jmRBh43Q==",
        "dependencies": {
          "Microsoft.CSharp": "4.4.1",
          "system.memory": "4.5.4"
        }
      },
      "Arbor.KVConfiguration.Schema": {
        "type": "Transitive",
        "resolved": "2.0.0",
        "contentHash": "3jzasZqYThfvHvchm7gWhLVvoY8Lotm6PTXMBgBgK/BJ6fBNe6di+bLqv1DmlvaEXIzassd+Em480SXhWRdz2w==",
        "dependencies": {
          "Arbor.KVConfiguration.Core": "[2.0.0, 3.0.0)"
        }
      },
      "Arbor.KVConfiguration.Schema.Json": {
        "type": "Transitive",
        "resolved": "2.0.0",
        "contentHash": "pRgyq7uIeV1jrIWrfccvkhL2mOPqMmIpC6petKQUSa+IrPcSSei8nQCL+odSm/WybLig53nrEUuG0uTF1m+a/Q==",
        "dependencies": {
          "Arbor.KVConfiguration.Core": "[2.0.0, 3.0.0)",
          "Newtonsoft.Json": "12.0.1"
        }
      },
      "Microsoft.CodeAnalysis.Analyzers": {
        "type": "Transitive",
        "resolved": "3.3.3",
        "contentHash": "j/rOZtLMVJjrfLRlAMckJLPW/1rze9MT1yfWqSIbUPGRu1m1P0fuo9PmqapwsmePfGB5PJrudQLvmUOAMF0DqQ=="
      },
      "Microsoft.CodeAnalysis.Common": {
        "type": "Transitive",
        "resolved": "4.3.1",
        "contentHash": "wexpJffSEEwptwe6UTMxRDZCCtz+XubI4Qewl4JECnNhcQrtb0anhSUEV9Nz7WkoNfWkx1fptR8xh1egoxYrqw==",
        "dependencies": {
          "Microsoft.CodeAnalysis.Analyzers": "3.3.3",
          "System.Collections.Immutable": "6.0.0",
          "System.Memory": "4.5.4",
          "System.Reflection.Metadata": "5.0.0",
          "System.Runtime.CompilerServices.Unsafe": "6.0.0",
          "System.Text.Encoding.CodePages": "6.0.0",
          "System.Threading.Tasks.Extensions": "4.5.4"
        }
      },
      "Microsoft.CodeAnalysis.VisualBasic": {
        "type": "Transitive",
        "resolved": "4.3.1",
        "contentHash": "V3yW779IRoi8skcbLYBhryviGgIgtKfkQ4EQKSLHUe6++olAT1pCuE+kbgwXxTpoHqhI4Wc1gEkjNNmgQ3MKgg==",
        "dependencies": {
          "Microsoft.CodeAnalysis.Common": "[4.3.1]"
        }
      },
      "Microsoft.CSharp": {
        "type": "Transitive",
        "resolved": "4.4.1",
        "contentHash": "A5hI3gk6WpcBI0QGZY6/d5CCaYUxJgi7iENn1uYEng+Olo8RfI5ReGVkjXjeu3VR3srLvVYREATXa2M0X7FYJA=="
      },
      "Microsoft.Extensions.Primitives": {
        "type": "Transitive",
        "resolved": "3.0.0",
        "contentHash": "6gwewTbmOh+ZVBicVkL1XRp79sx4O7BVY6Yy+7OYZdwn3pyOKe9lOam+3gXJ3TZMjhJZdV0Ub8hxHt2vkrmN5Q=="
      },
      "NuGet.Common": {
        "type": "Transitive",
        "resolved": "6.4.0",
        "contentHash": "srECugLk+LB1bXelDCDhHoi6do/EYTXzuntKhjHraS4roVB3NfWohEdCSiAPdpSV9M40Q6jo6MV2Srml9e+jHQ==",
        "dependencies": {
          "NuGet.Frameworks": "6.4.0"
        }
      },
      "NuGet.Configuration": {
        "type": "Transitive",
        "resolved": "6.4.0",
        "contentHash": "vPjauG9AoacEjiZWGIs+d11FCRVmseqAw78FIApfLvZrYMEbbwc9vc0LdC3PpoW5FxYkktyZSiiXVKXGLu+gXw==",
        "dependencies": {
          "NuGet.Common": "6.4.0",
          "System.Security.Cryptography.ProtectedData": "4.4.0"
        }
      },
      "NuGet.Frameworks": {
        "type": "Transitive",
        "resolved": "6.4.0",
        "contentHash": "qcufbjJIDtyY/Hah7JJfcRVpRYM3scgPqYBnukjO9kfADCFGr2azvVBozuwzljA6w/cR3w8bXLq6vW5xGrsmHw=="
      },
      "System.Formats.Asn1": {
        "type": "Transitive",
        "resolved": "5.0.0",
        "contentHash": "MTvUIktmemNB+El0Fgw9egyqT9AYSIk6DTJeoDSpc3GIHxHCMo8COqkWT1mptX5tZ1SlQ6HJZ0OsSvMth1c12w=="
      },
      "System.Memory": {
        "type": "Transitive",
        "resolved": "4.5.4",
        "contentHash": "1MbJTHS1lZ4bS4FmsJjnuGJOu88ZzTT2rLvrhW7Ygic+pC0NWA+3hgAen0HRdsocuQXCkUTdFn9yHJJhsijDXw=="
      },
      "System.Reflection.Metadata": {
        "type": "Transitive",
        "resolved": "5.0.0",
        "contentHash": "5NecZgXktdGg34rh1OenY1rFNDCI8xSjFr+Z4OU4cU06AQHUdRnIIEeWENu3Wl4YowbzkymAIMvi3WyK9U53pQ=="
      },
      "System.Runtime.CompilerServices.Unsafe": {
        "type": "Transitive",
        "resolved": "6.0.0",
        "contentHash": "/iUeP3tq1S0XdNNoMz5C9twLSrM/TH+qElHkXWaPvuNOt+99G75NrV0OS2EqHx5wMN7popYjpc8oTjC1y16DLg=="
      },
      "System.Security.Cryptography.Cng": {
        "type": "Transitive",
        "resolved": "5.0.0",
        "contentHash": "jIMXsKn94T9JY7PvPq/tMfqa6GAaHpElRDpmG+SuL+D3+sTw2M8VhnibKnN8Tq+4JqbPJ/f+BwtLeDMEnzAvRg==",
        "dependencies": {
          "System.Formats.Asn1": "5.0.0"
        }
      },
      "System.Security.Cryptography.Pkcs": {
        "type": "Transitive",
        "resolved": "5.0.0",
        "contentHash": "9TPLGjBCGKmNvG8pjwPeuYy0SMVmGZRwlTZvyPHDbYv/DRkoeumJdfumaaDNQzVGMEmbWtg07zUpSW9q70IlDQ==",
        "dependencies": {
          "System.Formats.Asn1": "5.0.0",
          "System.Security.Cryptography.Cng": "5.0.0"
        }
      },
      "System.Security.Cryptography.ProtectedData": {
        "type": "Transitive",
        "resolved": "4.4.0",
        "contentHash": "cJV7ScGW7EhatRsjehfvvYVBvtiSMKgN8bOVI0bQhnF5bU7vnHVIsH49Kva7i7GWaWYvmEzkYVk1TC+gZYBEog=="
      },
      "System.Text.Encoding.CodePages": {
        "type": "Transitive",
        "resolved": "6.0.0",
        "contentHash": "ZFCILZuOvtKPauZ/j/swhvw68ZRi9ATCfvGbk1QfydmcXBkIWecWKn/250UH7rahZ5OoDBaiAudJtPvLwzw85A==",
        "dependencies": {
          "System.Runtime.CompilerServices.Unsafe": "6.0.0"
        }
      },
      "System.Threading.Tasks.Extensions": {
        "type": "Transitive",
        "resolved": "4.5.4",
        "contentHash": "zteT+G8xuGu6mS+mzDzYXbzS7rd3K6Fjb9RiZlYlJPam2/hU7JCBZBVEcywNuR+oZ1ncTvc/cq0faRr3P01OVg=="
      },
      "Zio": {
        "type": "Transitive",
        "resolved": "0.13.0",
        "contentHash": "caQXHcNNPLyF2wB28FttQ4GvF7/CVffbTKpjLk0NDhFwOphZEf/X+mlSFGOoQ0Pqu3BcxHH94x9e+5/d956dfA=="
      }
    },
    "net7.0": {
      "Arbor.FileSystem": {
        "type": "Direct",
        "requested": "[0.5.0, )",
        "resolved": "0.5.0",
        "contentHash": "oNA6iYzV823QmkDUE4+nz8nJg/sGnw19ff7Pp5br2aGWb/dpfRE6HbuQ8NVislPeM5pWvn+fKrQ3X5HldwPPEA==",
        "dependencies": {
          "JetBrains.Annotations": "2021.3.0",
          "zio": "0.13.0"
        }
      },
      "Arbor.KVConfiguration.Core": {
        "type": "Direct",
        "requested": "[2.4.0-build.1668196076, )",
        "resolved": "2.4.0-build.1668196076",
        "contentHash": "r/xDmbiS2Fxm0LIqXcIZL9hEziwefZQIXMEPgsXZE0Vv1JqmH2ehEXKO3NZJ4fYr2P+yqo0tkTn6B05MAhhEEA==",
        "dependencies": {
          "Microsoft.Extensions.Primitives": "[3.0.0, 8.0.0)",
          "System.Collections.Immutable": "[1.5.0, 8.0.0)"
        }
      },
      "Arbor.KVConfiguration.JsonConfiguration": {
        "type": "Direct",
        "requested": "[2.4.0-build.1668196076, )",
        "resolved": "2.4.0-build.1668196076",
        "contentHash": "7tdwyNz9xs9qS36jRIXF3mtza/g32XGix0V5HQ8udqHS0yJQTLVPDEyEj4z8OV3BIEasPkXcBtlCJKiACXzXZQ==",
        "dependencies": {
          "Arbor.KVConfiguration.Core": "[2.0.0, 3.0.0)",
          "Arbor.KVConfiguration.Schema": "[2.0.0, 3.0.0)",
          "Arbor.KVConfiguration.Schema.Json": "[2.0.0, 3.0.0)",
          "Newtonsoft.Json": "[13.0.1, 14.0.0)"
        }
      },
      "Arbor.Processing": {
        "type": "Direct",
        "requested": "[0.6.0, )",
        "resolved": "0.6.0",
        "contentHash": "KcuciNAfg/ArkDdcM1hHMeIprKwQjdHWV6zXBFAqmKDxGB9rdDHk9a1jHTVQ5r7y5gxAowCUGLgEcfheKItoig=="
      },
      "JetBrains.Annotations": {
        "type": "Direct",
        "requested": "[2022.3.1, )",
        "resolved": "2022.3.1",
        "contentHash": "11nsS3+lFICGkztVs9PP2NRItxf9fF+qD6xEW/T0YGto52zj07wseUeBdMAU1ah9HNVTDZyRC1u4NWdtJScwhw=="
      },
      "Microsoft.CodeAnalysis.Compilers": {
        "type": "Direct",
        "requested": "[4.3.1, )",
        "resolved": "4.3.1",
        "contentHash": "ScAIyXUhxi08SWRlOUs028V+Pnj3a2lovn5CUlnHaqZl3IeMTXDmFrtiHczxk2I4wUea/OFAtQf4wNccrMeqXw==",
        "dependencies": {
          "Microsoft.CodeAnalysis.CSharp": "[4.3.1]",
          "Microsoft.CodeAnalysis.VisualBasic": "[4.3.1]"
        }
      },
      "Microsoft.CodeAnalysis.CSharp": {
        "type": "Direct",
        "requested": "[4.3.1, )",
        "resolved": "4.3.1",
        "contentHash": "5C9VHvahL98tumlyaT/loB5rW+K/6q0UU7uLyT1Dv15YjZraRkqML9u2t2e8GaO7XqEOtBVqK/SlxXOPqwzxog==",
        "dependencies": {
          "Microsoft.CodeAnalysis.Common": "[4.3.1]"
        }
      },
      "Microsoft.VisualStudio.Threading.Analyzers": {
        "type": "Direct",
        "requested": "[17.4.27, )",
        "resolved": "17.4.27",
        "contentHash": "G1rm7mLDS3axxm6ANzwdNwFJ0fchi3vBe/LsZAEQksEz5qr5XGpf2DdqzgY5JhTATdC+ULSa1TdUfeXM9t3mjg=="
      },
      "Newtonsoft.Json": {
        "type": "Direct",
        "requested": "[13.0.1, )",
        "resolved": "13.0.1",
        "contentHash": "ppPFpBcvxdsfUonNcvITKqLl3bqxWbDCZIzDWHzjpdAHRFfZe0Dw9HmA0+za13IdyrgJwpkDTDA9fHaxOrt20A=="
      },
      "NuGet.Packaging": {
        "type": "Direct",
        "requested": "[6.4.0, )",
        "resolved": "6.4.0",
        "contentHash": "aR10aYqcUMGC2mwMGH5rls/MGaz3EVH8DKTTHQ/EC91hXNtrCTTAQonaRR+v1EItcoxtQeZ/WQOorv4z270Tgg==",
        "dependencies": {
          "Newtonsoft.Json": "13.0.1",
          "NuGet.Configuration": "6.4.0",
          "NuGet.Versioning": "6.4.0",
          "System.Security.Cryptography.Cng": "5.0.0",
          "System.Security.Cryptography.Pkcs": "5.0.0"
        }
      },
      "NuGet.Versioning": {
        "type": "Direct",
        "requested": "[6.4.0, )",
        "resolved": "6.4.0",
        "contentHash": "YE8p3TpX4jIw+Gb24maE8YRDoqWA4imLmCbdOj5IvslLrZJXQ8akeFOGOplxICNVevON1g1SFYT2+cq4yy0nQQ=="
      },
      "Serilog": {
        "type": "Direct",
        "requested": "[2.12.0, )",
        "resolved": "2.12.0",
        "contentHash": "xaiJLIdu6rYMKfQMYUZgTy8YK7SMZjB4Yk50C/u//Z4OsvxkUfSPJy4nknfvwAC34yr13q7kcyh4grbwhSxyZg=="
      },
      "Serilog.Sinks.Console": {
        "type": "Direct",
        "requested": "[4.1.0, )",
        "resolved": "4.1.0",
        "contentHash": "K6N5q+5fetjnJPvCmkWOpJ/V8IEIoMIB1s86OzBrbxwTyHxdx3pmz4H+8+O/Dc/ftUX12DM1aynx/dDowkwzqg==",
        "dependencies": {
          "Serilog": "2.10.0"
        }
      },
      "SonarAnalyzer.CSharp": {
        "type": "Direct",
        "requested": "[8.48.0.56517, )",
        "resolved": "8.48.0.56517",
        "contentHash": "0xyWPd2/8Xjed3+0K70bau/y/3oz5Kxpu52Jo0qT4HM5pnULRl0Fk+hsJ6K8TlruVfJVMgRS5yBfnriihgo+iA=="
      },
      "System.Collections.Immutable": {
        "type": "Direct",
        "requested": "[7.0.0, )",
        "resolved": "7.0.0",
        "contentHash": "dQPcs0U1IKnBdRDBkrCTi1FoajSTBzLcVTpjO4MBCMC7f4pDOIPzgBoX8JjG7X6uZRJ8EBxsi8+DR1JuwjnzOQ=="
      },
      "System.CommandLine": {
        "type": "Direct",
        "requested": "[2.0.0-beta1.20574.7, )",
        "resolved": "2.0.0-beta1.20574.7",
        "contentHash": "fGqXtGd0UWyVTYRz5hU0fyjR1w7VlrdjmkdADreE9JXMzhWYgYJNxaHWVum40qJjtAT3RLlI0dBf37jmRBh43Q==",
        "dependencies": {
          "Microsoft.CSharp": "4.4.1",
          "system.memory": "4.5.4"
        }
      },
      "Arbor.KVConfiguration.Schema": {
        "type": "Transitive",
        "resolved": "2.0.0",
        "contentHash": "3jzasZqYThfvHvchm7gWhLVvoY8Lotm6PTXMBgBgK/BJ6fBNe6di+bLqv1DmlvaEXIzassd+Em480SXhWRdz2w==",
        "dependencies": {
          "Arbor.KVConfiguration.Core": "[2.0.0, 3.0.0)"
        }
      },
      "Arbor.KVConfiguration.Schema.Json": {
        "type": "Transitive",
        "resolved": "2.0.0",
        "contentHash": "pRgyq7uIeV1jrIWrfccvkhL2mOPqMmIpC6petKQUSa+IrPcSSei8nQCL+odSm/WybLig53nrEUuG0uTF1m+a/Q==",
        "dependencies": {
          "Arbor.KVConfiguration.Core": "[2.0.0, 3.0.0)",
          "Newtonsoft.Json": "12.0.1"
        }
      },
      "Microsoft.CodeAnalysis.Analyzers": {
        "type": "Transitive",
        "resolved": "3.3.3",
        "contentHash": "j/rOZtLMVJjrfLRlAMckJLPW/1rze9MT1yfWqSIbUPGRu1m1P0fuo9PmqapwsmePfGB5PJrudQLvmUOAMF0DqQ=="
      },
      "Microsoft.CodeAnalysis.Common": {
        "type": "Transitive",
        "resolved": "4.3.1",
        "contentHash": "wexpJffSEEwptwe6UTMxRDZCCtz+XubI4Qewl4JECnNhcQrtb0anhSUEV9Nz7WkoNfWkx1fptR8xh1egoxYrqw==",
        "dependencies": {
          "Microsoft.CodeAnalysis.Analyzers": "3.3.3",
          "System.Collections.Immutable": "6.0.0",
          "System.Memory": "4.5.4",
          "System.Reflection.Metadata": "5.0.0",
          "System.Runtime.CompilerServices.Unsafe": "6.0.0",
          "System.Text.Encoding.CodePages": "6.0.0",
          "System.Threading.Tasks.Extensions": "4.5.4"
        }
      },
      "Microsoft.CodeAnalysis.VisualBasic": {
        "type": "Transitive",
        "resolved": "4.3.1",
        "contentHash": "V3yW779IRoi8skcbLYBhryviGgIgtKfkQ4EQKSLHUe6++olAT1pCuE+kbgwXxTpoHqhI4Wc1gEkjNNmgQ3MKgg==",
        "dependencies": {
          "Microsoft.CodeAnalysis.Common": "[4.3.1]"
        }
      },
      "Microsoft.CSharp": {
        "type": "Transitive",
        "resolved": "4.4.1",
        "contentHash": "A5hI3gk6WpcBI0QGZY6/d5CCaYUxJgi7iENn1uYEng+Olo8RfI5ReGVkjXjeu3VR3srLvVYREATXa2M0X7FYJA=="
      },
      "Microsoft.Extensions.Primitives": {
        "type": "Transitive",
        "resolved": "3.0.0",
        "contentHash": "6gwewTbmOh+ZVBicVkL1XRp79sx4O7BVY6Yy+7OYZdwn3pyOKe9lOam+3gXJ3TZMjhJZdV0Ub8hxHt2vkrmN5Q=="
      },
      "NuGet.Common": {
        "type": "Transitive",
        "resolved": "6.4.0",
        "contentHash": "srECugLk+LB1bXelDCDhHoi6do/EYTXzuntKhjHraS4roVB3NfWohEdCSiAPdpSV9M40Q6jo6MV2Srml9e+jHQ==",
        "dependencies": {
          "NuGet.Frameworks": "6.4.0"
        }
      },
      "NuGet.Configuration": {
        "type": "Transitive",
        "resolved": "6.4.0",
        "contentHash": "vPjauG9AoacEjiZWGIs+d11FCRVmseqAw78FIApfLvZrYMEbbwc9vc0LdC3PpoW5FxYkktyZSiiXVKXGLu+gXw==",
        "dependencies": {
          "NuGet.Common": "6.4.0",
          "System.Security.Cryptography.ProtectedData": "4.4.0"
        }
      },
      "NuGet.Frameworks": {
        "type": "Transitive",
        "resolved": "6.4.0",
        "contentHash": "qcufbjJIDtyY/Hah7JJfcRVpRYM3scgPqYBnukjO9kfADCFGr2azvVBozuwzljA6w/cR3w8bXLq6vW5xGrsmHw=="
      },
      "System.Formats.Asn1": {
        "type": "Transitive",
        "resolved": "5.0.0",
        "contentHash": "MTvUIktmemNB+El0Fgw9egyqT9AYSIk6DTJeoDSpc3GIHxHCMo8COqkWT1mptX5tZ1SlQ6HJZ0OsSvMth1c12w=="
      },
      "System.Memory": {
        "type": "Transitive",
        "resolved": "4.5.4",
        "contentHash": "1MbJTHS1lZ4bS4FmsJjnuGJOu88ZzTT2rLvrhW7Ygic+pC0NWA+3hgAen0HRdsocuQXCkUTdFn9yHJJhsijDXw=="
      },
      "System.Reflection.Metadata": {
        "type": "Transitive",
        "resolved": "5.0.0",
        "contentHash": "5NecZgXktdGg34rh1OenY1rFNDCI8xSjFr+Z4OU4cU06AQHUdRnIIEeWENu3Wl4YowbzkymAIMvi3WyK9U53pQ=="
      },
      "System.Runtime.CompilerServices.Unsafe": {
        "type": "Transitive",
        "resolved": "6.0.0",
        "contentHash": "/iUeP3tq1S0XdNNoMz5C9twLSrM/TH+qElHkXWaPvuNOt+99G75NrV0OS2EqHx5wMN7popYjpc8oTjC1y16DLg=="
      },
      "System.Security.Cryptography.Cng": {
        "type": "Transitive",
        "resolved": "5.0.0",
        "contentHash": "jIMXsKn94T9JY7PvPq/tMfqa6GAaHpElRDpmG+SuL+D3+sTw2M8VhnibKnN8Tq+4JqbPJ/f+BwtLeDMEnzAvRg==",
        "dependencies": {
          "System.Formats.Asn1": "5.0.0"
        }
      },
      "System.Security.Cryptography.Pkcs": {
        "type": "Transitive",
        "resolved": "5.0.0",
        "contentHash": "9TPLGjBCGKmNvG8pjwPeuYy0SMVmGZRwlTZvyPHDbYv/DRkoeumJdfumaaDNQzVGMEmbWtg07zUpSW9q70IlDQ==",
        "dependencies": {
          "System.Formats.Asn1": "5.0.0",
          "System.Security.Cryptography.Cng": "5.0.0"
        }
      },
      "System.Security.Cryptography.ProtectedData": {
        "type": "Transitive",
        "resolved": "4.4.0",
        "contentHash": "cJV7ScGW7EhatRsjehfvvYVBvtiSMKgN8bOVI0bQhnF5bU7vnHVIsH49Kva7i7GWaWYvmEzkYVk1TC+gZYBEog=="
      },
      "System.Text.Encoding.CodePages": {
        "type": "Transitive",
        "resolved": "6.0.0",
        "contentHash": "ZFCILZuOvtKPauZ/j/swhvw68ZRi9ATCfvGbk1QfydmcXBkIWecWKn/250UH7rahZ5OoDBaiAudJtPvLwzw85A==",
        "dependencies": {
          "System.Runtime.CompilerServices.Unsafe": "6.0.0"
        }
      },
      "System.Threading.Tasks.Extensions": {
        "type": "Transitive",
        "resolved": "4.5.4",
        "contentHash": "zteT+G8xuGu6mS+mzDzYXbzS7rd3K6Fjb9RiZlYlJPam2/hU7JCBZBVEcywNuR+oZ1ncTvc/cq0faRr3P01OVg=="
      },
      "Zio": {
        "type": "Transitive",
        "resolved": "0.13.0",
        "contentHash": "caQXHcNNPLyF2wB28FttQ4GvF7/CVffbTKpjLk0NDhFwOphZEf/X+mlSFGOoQ0Pqu3BcxHH94x9e+5/d956dfA=="
      }
    }
  }
}