{
  "version": 1,
  "dependencies": {
    "net6.0": {
      "Arbor.FileSystem": {
        "type": "Direct",
        "requested": "[0.5.0, )",
        "resolved": "0.5.0",
        "contentHash": "oNA6iYzV823QmkDUE4+nz8nJg/sGnw19ff7Pp5br2aGWb/dpfRE6HbuQ8NVislPeM5pWvn+fKrQ3X5HldwPPEA==",
        "dependencies": {
          "JetBrains.Annotations": "2021.3.0",
          "zio": "0.13.0"
        }
      },
      "Arbor.KVConfiguration.Core": {
        "type": "Direct",
        "requested": "[2.4.0, )",
        "resolved": "2.4.0",
        "contentHash": "XNm32lbZwI3m/kkl0T1H94FYqVNiRJcs3MFV6Ty7Ua2GY50wGrWSHMPRBu1o9bAr/jDYyGbXrOYBe2R7RFGxmQ==",
        "dependencies": {
          "Microsoft.Extensions.Primitives": "[3.0.0, 8.0.0)",
          "System.Collections.Immutable": "[1.5.0, 8.0.0)"
        }
      },
      "Arbor.KVConfiguration.JsonConfiguration": {
        "type": "Direct",
        "requested": "[2.4.0, )",
        "resolved": "2.4.0",
        "contentHash": "4FB/V3/8u/Ad6eAOXVlqtugxrkT2UfDloTlD2aosL3ehUa1Ez3c4DEWVh8FFV+V9pjYjXFY4rpG2dfaiuHD2cQ==",
        "dependencies": {
          "Arbor.KVConfiguration.Core": "[2.0.0, 3.0.0)",
          "Arbor.KVConfiguration.Schema": "[2.0.0, 3.0.0)",
          "Arbor.KVConfiguration.Schema.Json": "[2.0.0, 3.0.0)",
          "Newtonsoft.Json": "[13.0.1, 14.0.0)"
        }
      },
      "Arbor.Processing": {
        "type": "Direct",
        "requested": "[0.6.0, )",
        "resolved": "0.6.0",
        "contentHash": "KcuciNAfg/ArkDdcM1hHMeIprKwQjdHWV6zXBFAqmKDxGB9rdDHk9a1jHTVQ5r7y5gxAowCUGLgEcfheKItoig=="
      },
      "JetBrains.Annotations": {
        "type": "Direct",
        "requested": "[2022.3.1, )",
        "resolved": "2022.3.1",
        "contentHash": "11nsS3+lFICGkztVs9PP2NRItxf9fF+qD6xEW/T0YGto52zj07wseUeBdMAU1ah9HNVTDZyRC1u4NWdtJScwhw=="
      },
      "Microsoft.CodeAnalysis.Compilers": {
        "type": "Direct",
        "requested": "[4.6.0, )",
        "resolved": "4.6.0",
        "contentHash": "h0TpoDZOqWfIVZcvLYDQSyc8ymLIYzkkmeWA/3tEVPyH0MQfbW+DXqDLnCHe2o9q1+b3Zm/GsLLoJ7Hx/ihxVA==",
        "dependencies": {
          "Microsoft.CodeAnalysis.CSharp": "[4.6.0]",
          "Microsoft.CodeAnalysis.VisualBasic": "[4.6.0]"
        }
      },
      "Microsoft.CodeAnalysis.CSharp": {
        "type": "Direct",
        "requested": "[4.6.0, )",
        "resolved": "4.6.0",
        "contentHash": "9pyFZUN2Lyu3C0Xfs49kezfH+CzQHMibGsQeQPu0P+GWyH2XXDwmyZ6jAaKQGNUXOJfC2OK01hWMJTJY315uDQ==",
        "dependencies": {
          "Microsoft.CodeAnalysis.Common": "[4.6.0]"
        }
      },
      "Microsoft.VisualStudio.Threading.Analyzers": {
        "type": "Direct",
        "requested": "[17.6.40, )",
        "resolved": "17.6.40",
        "contentHash": "uU8vYr/Nx3ldEWcsbiHiyAX1G7od3eFK1+Aga6ZvgCvU+nQkcXYVkIMcSEkIDWkFaldx1dkoVvX3KRNQD0R7dw=="
      },
      "Newtonsoft.Json": {
        "type": "Direct",
        "requested": "[13.0.3, )",
        "resolved": "13.0.3",
        "contentHash": "HrC5BXdl00IP9zeV+0Z848QWPAoCr9P3bDEZguI+gkLcBKAOxix/tLEAAHC+UvDNPv4a2d18lOReHMOagPa+zQ=="
      },
      "NuGet.Packaging": {
        "type": "Direct",
        "requested": "[6.6.1, )",
        "resolved": "6.6.1",
        "contentHash": "GwhFi2Ep4YzAGQFYz1OsMVNfiJ1M46nyCgHQ7xjJSMvxDYFgodR1RqVugWFMbIUUq6I8iYASwp5lpHXvITeuIQ==",
        "dependencies": {
          "Newtonsoft.Json": "13.0.1",
          "NuGet.Configuration": "6.6.1",
          "NuGet.Versioning": "6.6.1",
          "System.Security.Cryptography.Cng": "5.0.0",
          "System.Security.Cryptography.Pkcs": "5.0.0"
        }
      },
      "NuGet.Versioning": {
        "type": "Direct",
        "requested": "[6.6.1, )",
        "resolved": "6.6.1",
        "contentHash": "Wm/AOFICTIrCgbVxv9dNWusraTzcggbo5W4ao7hD8NNVq911an9TGwW+uNuYc8I5PkpTeMuSXneV2u6hbi1P4w=="
      },
      "Serilog": {
        "type": "Direct",
        "requested": "[3.0.1, )",
        "resolved": "3.0.1",
        "contentHash": "E4UmOQ++eNJax1laE+lws7E3zbhKgHsGJbO7ra0yE5smUh+5FfUPIKKBxM3MO1tK4sgpQke6/pLReDxIc/ggNw=="
      },
      "Serilog.Sinks.Console": {
        "type": "Direct",
        "requested": "[4.1.0, )",
        "resolved": "4.1.0",
        "contentHash": "K6N5q+5fetjnJPvCmkWOpJ/V8IEIoMIB1s86OzBrbxwTyHxdx3pmz4H+8+O/Dc/ftUX12DM1aynx/dDowkwzqg==",
        "dependencies": {
          "Serilog": "2.10.0"
        }
      },
      "SonarAnalyzer.CSharp": {
        "type": "Direct",
        "requested": "[9.4.0.72892, )",
        "resolved": "9.4.0.72892",
        "contentHash": "hSUQ8ddC56salRggZHY69hR51HU1HVSlmKuQ9+0kXGFa9NYUdJ3WI81LMbuXT4Ui0UCdGKeCEoJzZJlfBF8kqA=="
      },
      "System.Collections.Immutable": {
        "type": "Direct",
        "requested": "[7.0.0, )",
        "resolved": "7.0.0",
        "contentHash": "dQPcs0U1IKnBdRDBkrCTi1FoajSTBzLcVTpjO4MBCMC7f4pDOIPzgBoX8JjG7X6uZRJ8EBxsi8+DR1JuwjnzOQ==",
        "dependencies": {
          "System.Runtime.CompilerServices.Unsafe": "6.0.0"
        }
      },
      "System.CommandLine": {
        "type": "Direct",
        "requested": "[2.0.0-beta1.20574.7, )",
        "resolved": "2.0.0-beta1.20574.7",
        "contentHash": "fGqXtGd0UWyVTYRz5hU0fyjR1w7VlrdjmkdADreE9JXMzhWYgYJNxaHWVum40qJjtAT3RLlI0dBf37jmRBh43Q==",
        "dependencies": {
          "Microsoft.CSharp": "4.4.1",
          "system.memory": "4.5.4"
        }
      },
      "Arbor.KVConfiguration.Schema": {
        "type": "Transitive",
        "resolved": "2.0.0",
        "contentHash": "3jzasZqYThfvHvchm7gWhLVvoY8Lotm6PTXMBgBgK/BJ6fBNe6di+bLqv1DmlvaEXIzassd+Em480SXhWRdz2w==",
        "dependencies": {
          "Arbor.KVConfiguration.Core": "[2.0.0, 3.0.0)"
        }
      },
      "Arbor.KVConfiguration.Schema.Json": {
        "type": "Transitive",
        "resolved": "2.0.0",
        "contentHash": "pRgyq7uIeV1jrIWrfccvkhL2mOPqMmIpC6petKQUSa+IrPcSSei8nQCL+odSm/WybLig53nrEUuG0uTF1m+a/Q==",
        "dependencies": {
          "Arbor.KVConfiguration.Core": "[2.0.0, 3.0.0)",
          "Newtonsoft.Json": "12.0.1"
        }
      },
      "Microsoft.CodeAnalysis.Analyzers": {
        "type": "Transitive",
        "resolved": "3.3.4",
        "contentHash": "AxkxcPR+rheX0SmvpLVIGLhOUXAKG56a64kV9VQZ4y9gR9ZmPXnqZvHJnmwLSwzrEP6junUF11vuc+aqo5r68g=="
      },
      "Microsoft.CodeAnalysis.Common": {
        "type": "Transitive",
        "resolved": "4.6.0",
        "contentHash": "N3uLvekc7DjvE1BX8YW7UH7ldjA4ps/Tun2YmOoSIItJrh1gnQIMKUbK1c3uQUx2NHbLibVZI4o/VB9xb4B7tA==",
        "dependencies": {
          "Microsoft.CodeAnalysis.Analyzers": "3.3.4",
          "System.Collections.Immutable": "7.0.0",
          "System.Reflection.Metadata": "7.0.0",
          "System.Runtime.CompilerServices.Unsafe": "6.0.0",
          "System.Text.Encoding.CodePages": "7.0.0"
        }
      },
      "Microsoft.CodeAnalysis.VisualBasic": {
        "type": "Transitive",
        "resolved": "4.6.0",
        "contentHash": "k4RDHX2z4bY5lvc4hVUf6EvIoACbMsXhK4NtRupatM1Qitpoqz7O7QMx+or/kNNffs5uTo1Apc2S7NWuKjx3cA==",
        "dependencies": {
          "Microsoft.CodeAnalysis.Common": "[4.6.0]"
        }
      },
      "Microsoft.CSharp": {
        "type": "Transitive",
        "resolved": "4.4.1",
        "contentHash": "A5hI3gk6WpcBI0QGZY6/d5CCaYUxJgi7iENn1uYEng+Olo8RfI5ReGVkjXjeu3VR3srLvVYREATXa2M0X7FYJA=="
      },
      "Microsoft.Extensions.Primitives": {
        "type": "Transitive",
        "resolved": "3.0.0",
        "contentHash": "6gwewTbmOh+ZVBicVkL1XRp79sx4O7BVY6Yy+7OYZdwn3pyOKe9lOam+3gXJ3TZMjhJZdV0Ub8hxHt2vkrmN5Q=="
      },
      "NuGet.Common": {
        "type": "Transitive",
        "resolved": "6.6.1",
        "contentHash": "hW5NtShErO3qbdkyv7doCRsFNK9Rlcc7mVjYM+hg1sOAWheTh/oo95DzNbsZthiqyHZfaioopfWtzmoxNw9h4g==",
        "dependencies": {
          "NuGet.Frameworks": "6.6.1"
        }
      },
      "NuGet.Configuration": {
        "type": "Transitive",
        "resolved": "6.6.1",
        "contentHash": "9WbK8wgwPfRpSwuG+ZhMshE48qUYvPIw7VNLCncrq/in4vE6SGsuawPSxPJkkLBtcKTGbPMez5JDvUf6vEBgKg==",
        "dependencies": {
          "NuGet.Common": "6.6.1",
          "System.Security.Cryptography.ProtectedData": "4.4.0"
        }
      },
      "NuGet.Frameworks": {
        "type": "Transitive",
        "resolved": "6.6.1",
        "contentHash": "iRtDhL0zPqVw037fHEK9bQljTKPuOHhfIkz86/IH2P8eetr910HTTe5G8lJTuzZHh592Ze/sYhh173HIFjPSfg=="
      },
      "System.Formats.Asn1": {
        "type": "Transitive",
        "resolved": "5.0.0",
        "contentHash": "MTvUIktmemNB+El0Fgw9egyqT9AYSIk6DTJeoDSpc3GIHxHCMo8COqkWT1mptX5tZ1SlQ6HJZ0OsSvMth1c12w=="
      },
      "System.Memory": {
        "type": "Transitive",
        "resolved": "4.5.4",
        "contentHash": "1MbJTHS1lZ4bS4FmsJjnuGJOu88ZzTT2rLvrhW7Ygic+pC0NWA+3hgAen0HRdsocuQXCkUTdFn9yHJJhsijDXw=="
      },
      "System.Reflection.Metadata": {
        "type": "Transitive",
        "resolved": "7.0.0",
        "contentHash": "MclTG61lsD9sYdpNz9xsKBzjsmsfCtcMZYXz/IUr2zlhaTaABonlr1ESeompTgM+Xk+IwtGYU7/voh3YWB/fWw==",
        "dependencies": {
          "System.Collections.Immutable": "7.0.0"
        }
      },
      "System.Runtime.CompilerServices.Unsafe": {
        "type": "Transitive",
        "resolved": "6.0.0",
        "contentHash": "/iUeP3tq1S0XdNNoMz5C9twLSrM/TH+qElHkXWaPvuNOt+99G75NrV0OS2EqHx5wMN7popYjpc8oTjC1y16DLg=="
      },
      "System.Security.Cryptography.Cng": {
        "type": "Transitive",
        "resolved": "5.0.0",
        "contentHash": "jIMXsKn94T9JY7PvPq/tMfqa6GAaHpElRDpmG+SuL+D3+sTw2M8VhnibKnN8Tq+4JqbPJ/f+BwtLeDMEnzAvRg==",
        "dependencies": {
          "System.Formats.Asn1": "5.0.0"
        }
      },
      "System.Security.Cryptography.Pkcs": {
        "type": "Transitive",
        "resolved": "5.0.0",
        "contentHash": "9TPLGjBCGKmNvG8pjwPeuYy0SMVmGZRwlTZvyPHDbYv/DRkoeumJdfumaaDNQzVGMEmbWtg07zUpSW9q70IlDQ==",
        "dependencies": {
          "System.Formats.Asn1": "5.0.0",
          "System.Security.Cryptography.Cng": "5.0.0"
        }
      },
      "System.Security.Cryptography.ProtectedData": {
        "type": "Transitive",
        "resolved": "4.4.0",
        "contentHash": "cJV7ScGW7EhatRsjehfvvYVBvtiSMKgN8bOVI0bQhnF5bU7vnHVIsH49Kva7i7GWaWYvmEzkYVk1TC+gZYBEog=="
      },
      "System.Text.Encoding.CodePages": {
        "type": "Transitive",
        "resolved": "7.0.0",
        "contentHash": "LSyCblMpvOe0N3E+8e0skHcrIhgV2huaNcjUUEa8hRtgEAm36aGkRoC8Jxlb6Ra6GSfF29ftduPNywin8XolzQ==",
        "dependencies": {
          "System.Runtime.CompilerServices.Unsafe": "6.0.0"
        }
      },
      "Zio": {
        "type": "Transitive",
        "resolved": "0.13.0",
        "contentHash": "caQXHcNNPLyF2wB28FttQ4GvF7/CVffbTKpjLk0NDhFwOphZEf/X+mlSFGOoQ0Pqu3BcxHH94x9e+5/d956dfA=="
      }
    },
    "net7.0": {
      "Arbor.FileSystem": {
        "type": "Direct",
        "requested": "[0.5.0, )",
        "resolved": "0.5.0",
        "contentHash": "oNA6iYzV823QmkDUE4+nz8nJg/sGnw19ff7Pp5br2aGWb/dpfRE6HbuQ8NVislPeM5pWvn+fKrQ3X5HldwPPEA==",
        "dependencies": {
          "JetBrains.Annotations": "2021.3.0",
          "zio": "0.13.0"
        }
      },
      "Arbor.KVConfiguration.Core": {
        "type": "Direct",
        "requested": "[2.4.0, )",
        "resolved": "2.4.0",
        "contentHash": "XNm32lbZwI3m/kkl0T1H94FYqVNiRJcs3MFV6Ty7Ua2GY50wGrWSHMPRBu1o9bAr/jDYyGbXrOYBe2R7RFGxmQ==",
        "dependencies": {
          "Microsoft.Extensions.Primitives": "[3.0.0, 8.0.0)",
          "System.Collections.Immutable": "[1.5.0, 8.0.0)"
        }
      },
      "Arbor.KVConfiguration.JsonConfiguration": {
        "type": "Direct",
        "requested": "[2.4.0, )",
        "resolved": "2.4.0",
        "contentHash": "4FB/V3/8u/Ad6eAOXVlqtugxrkT2UfDloTlD2aosL3ehUa1Ez3c4DEWVh8FFV+V9pjYjXFY4rpG2dfaiuHD2cQ==",
        "dependencies": {
          "Arbor.KVConfiguration.Core": "[2.0.0, 3.0.0)",
          "Arbor.KVConfiguration.Schema": "[2.0.0, 3.0.0)",
          "Arbor.KVConfiguration.Schema.Json": "[2.0.0, 3.0.0)",
          "Newtonsoft.Json": "[13.0.1, 14.0.0)"
        }
      },
      "Arbor.Processing": {
        "type": "Direct",
        "requested": "[0.6.0, )",
        "resolved": "0.6.0",
        "contentHash": "KcuciNAfg/ArkDdcM1hHMeIprKwQjdHWV6zXBFAqmKDxGB9rdDHk9a1jHTVQ5r7y5gxAowCUGLgEcfheKItoig=="
      },
      "JetBrains.Annotations": {
        "type": "Direct",
        "requested": "[2022.3.1, )",
        "resolved": "2022.3.1",
        "contentHash": "11nsS3+lFICGkztVs9PP2NRItxf9fF+qD6xEW/T0YGto52zj07wseUeBdMAU1ah9HNVTDZyRC1u4NWdtJScwhw=="
      },
      "Microsoft.CodeAnalysis.Compilers": {
        "type": "Direct",
        "requested": "[4.6.0, )",
        "resolved": "4.6.0",
        "contentHash": "h0TpoDZOqWfIVZcvLYDQSyc8ymLIYzkkmeWA/3tEVPyH0MQfbW+DXqDLnCHe2o9q1+b3Zm/GsLLoJ7Hx/ihxVA==",
        "dependencies": {
          "Microsoft.CodeAnalysis.CSharp": "[4.6.0]",
          "Microsoft.CodeAnalysis.VisualBasic": "[4.6.0]"
        }
      },
      "Microsoft.CodeAnalysis.CSharp": {
        "type": "Direct",
        "requested": "[4.6.0, )",
        "resolved": "4.6.0",
        "contentHash": "9pyFZUN2Lyu3C0Xfs49kezfH+CzQHMibGsQeQPu0P+GWyH2XXDwmyZ6jAaKQGNUXOJfC2OK01hWMJTJY315uDQ==",
        "dependencies": {
          "Microsoft.CodeAnalysis.Common": "[4.6.0]"
        }
      },
      "Microsoft.VisualStudio.Threading.Analyzers": {
        "type": "Direct",
        "requested": "[17.6.40, )",
        "resolved": "17.6.40",
        "contentHash": "uU8vYr/Nx3ldEWcsbiHiyAX1G7od3eFK1+Aga6ZvgCvU+nQkcXYVkIMcSEkIDWkFaldx1dkoVvX3KRNQD0R7dw=="
      },
      "Newtonsoft.Json": {
        "type": "Direct",
        "requested": "[13.0.3, )",
        "resolved": "13.0.3",
        "contentHash": "HrC5BXdl00IP9zeV+0Z848QWPAoCr9P3bDEZguI+gkLcBKAOxix/tLEAAHC+UvDNPv4a2d18lOReHMOagPa+zQ=="
      },
      "NuGet.Packaging": {
        "type": "Direct",
        "requested": "[6.6.1, )",
        "resolved": "6.6.1",
        "contentHash": "GwhFi2Ep4YzAGQFYz1OsMVNfiJ1M46nyCgHQ7xjJSMvxDYFgodR1RqVugWFMbIUUq6I8iYASwp5lpHXvITeuIQ==",
        "dependencies": {
          "Newtonsoft.Json": "13.0.1",
          "NuGet.Configuration": "6.6.1",
          "NuGet.Versioning": "6.6.1",
          "System.Security.Cryptography.Cng": "5.0.0",
          "System.Security.Cryptography.Pkcs": "5.0.0"
        }
      },
      "NuGet.Versioning": {
        "type": "Direct",
        "requested": "[6.6.1, )",
        "resolved": "6.6.1",
        "contentHash": "Wm/AOFICTIrCgbVxv9dNWusraTzcggbo5W4ao7hD8NNVq911an9TGwW+uNuYc8I5PkpTeMuSXneV2u6hbi1P4w=="
      },
      "Serilog": {
        "type": "Direct",
        "requested": "[3.0.1, )",
        "resolved": "3.0.1",
        "contentHash": "E4UmOQ++eNJax1laE+lws7E3zbhKgHsGJbO7ra0yE5smUh+5FfUPIKKBxM3MO1tK4sgpQke6/pLReDxIc/ggNw=="
      },
      "Serilog.Sinks.Console": {
        "type": "Direct",
        "requested": "[4.1.0, )",
        "resolved": "4.1.0",
        "contentHash": "K6N5q+5fetjnJPvCmkWOpJ/V8IEIoMIB1s86OzBrbxwTyHxdx3pmz4H+8+O/Dc/ftUX12DM1aynx/dDowkwzqg==",
        "dependencies": {
          "Serilog": "2.10.0"
        }
      },
      "SonarAnalyzer.CSharp": {
        "type": "Direct",
        "requested": "[9.4.0.72892, )",
        "resolved": "9.4.0.72892",
        "contentHash": "hSUQ8ddC56salRggZHY69hR51HU1HVSlmKuQ9+0kXGFa9NYUdJ3WI81LMbuXT4Ui0UCdGKeCEoJzZJlfBF8kqA=="
      },
      "System.Collections.Immutable": {
        "type": "Direct",
        "requested": "[7.0.0, )",
        "resolved": "7.0.0",
        "contentHash": "dQPcs0U1IKnBdRDBkrCTi1FoajSTBzLcVTpjO4MBCMC7f4pDOIPzgBoX8JjG7X6uZRJ8EBxsi8+DR1JuwjnzOQ=="
      },
      "System.CommandLine": {
        "type": "Direct",
        "requested": "[2.0.0-beta1.20574.7, )",
        "resolved": "2.0.0-beta1.20574.7",
        "contentHash": "fGqXtGd0UWyVTYRz5hU0fyjR1w7VlrdjmkdADreE9JXMzhWYgYJNxaHWVum40qJjtAT3RLlI0dBf37jmRBh43Q==",
        "dependencies": {
          "Microsoft.CSharp": "4.4.1",
          "system.memory": "4.5.4"
        }
      },
      "Arbor.KVConfiguration.Schema": {
        "type": "Transitive",
        "resolved": "2.0.0",
        "contentHash": "3jzasZqYThfvHvchm7gWhLVvoY8Lotm6PTXMBgBgK/BJ6fBNe6di+bLqv1DmlvaEXIzassd+Em480SXhWRdz2w==",
        "dependencies": {
          "Arbor.KVConfiguration.Core": "[2.0.0, 3.0.0)"
        }
      },
      "Arbor.KVConfiguration.Schema.Json": {
        "type": "Transitive",
        "resolved": "2.0.0",
        "contentHash": "pRgyq7uIeV1jrIWrfccvkhL2mOPqMmIpC6petKQUSa+IrPcSSei8nQCL+odSm/WybLig53nrEUuG0uTF1m+a/Q==",
        "dependencies": {
          "Arbor.KVConfiguration.Core": "[2.0.0, 3.0.0)",
          "Newtonsoft.Json": "12.0.1"
        }
      },
      "Microsoft.CodeAnalysis.Analyzers": {
        "type": "Transitive",
        "resolved": "3.3.4",
        "contentHash": "AxkxcPR+rheX0SmvpLVIGLhOUXAKG56a64kV9VQZ4y9gR9ZmPXnqZvHJnmwLSwzrEP6junUF11vuc+aqo5r68g=="
      },
      "Microsoft.CodeAnalysis.Common": {
        "type": "Transitive",
        "resolved": "4.6.0",
        "contentHash": "N3uLvekc7DjvE1BX8YW7UH7ldjA4ps/Tun2YmOoSIItJrh1gnQIMKUbK1c3uQUx2NHbLibVZI4o/VB9xb4B7tA==",
        "dependencies": {
          "Microsoft.CodeAnalysis.Analyzers": "3.3.4",
          "System.Collections.Immutable": "7.0.0",
          "System.Reflection.Metadata": "7.0.0",
          "System.Runtime.CompilerServices.Unsafe": "6.0.0",
          "System.Text.Encoding.CodePages": "7.0.0"
        }
      },
      "Microsoft.CodeAnalysis.VisualBasic": {
        "type": "Transitive",
        "resolved": "4.6.0",
        "contentHash": "k4RDHX2z4bY5lvc4hVUf6EvIoACbMsXhK4NtRupatM1Qitpoqz7O7QMx+or/kNNffs5uTo1Apc2S7NWuKjx3cA==",
        "dependencies": {
          "Microsoft.CodeAnalysis.Common": "[4.6.0]"
        }
      },
      "Microsoft.CSharp": {
        "type": "Transitive",
        "resolved": "4.4.1",
        "contentHash": "A5hI3gk6WpcBI0QGZY6/d5CCaYUxJgi7iENn1uYEng+Olo8RfI5ReGVkjXjeu3VR3srLvVYREATXa2M0X7FYJA=="
      },
      "Microsoft.Extensions.Primitives": {
        "type": "Transitive",
        "resolved": "3.0.0",
        "contentHash": "6gwewTbmOh+ZVBicVkL1XRp79sx4O7BVY6Yy+7OYZdwn3pyOKe9lOam+3gXJ3TZMjhJZdV0Ub8hxHt2vkrmN5Q=="
      },
      "NuGet.Common": {
        "type": "Transitive",
        "resolved": "6.6.1",
        "contentHash": "hW5NtShErO3qbdkyv7doCRsFNK9Rlcc7mVjYM+hg1sOAWheTh/oo95DzNbsZthiqyHZfaioopfWtzmoxNw9h4g==",
        "dependencies": {
          "NuGet.Frameworks": "6.6.1"
        }
      },
      "NuGet.Configuration": {
        "type": "Transitive",
        "resolved": "6.6.1",
        "contentHash": "9WbK8wgwPfRpSwuG+ZhMshE48qUYvPIw7VNLCncrq/in4vE6SGsuawPSxPJkkLBtcKTGbPMez5JDvUf6vEBgKg==",
        "dependencies": {
          "NuGet.Common": "6.6.1",
          "System.Security.Cryptography.ProtectedData": "4.4.0"
        }
      },
      "NuGet.Frameworks": {
        "type": "Transitive",
        "resolved": "6.6.1",
        "contentHash": "iRtDhL0zPqVw037fHEK9bQljTKPuOHhfIkz86/IH2P8eetr910HTTe5G8lJTuzZHh592Ze/sYhh173HIFjPSfg=="
      },
      "System.Formats.Asn1": {
        "type": "Transitive",
        "resolved": "5.0.0",
        "contentHash": "MTvUIktmemNB+El0Fgw9egyqT9AYSIk6DTJeoDSpc3GIHxHCMo8COqkWT1mptX5tZ1SlQ6HJZ0OsSvMth1c12w=="
      },
      "System.Memory": {
        "type": "Transitive",
        "resolved": "4.5.4",
        "contentHash": "1MbJTHS1lZ4bS4FmsJjnuGJOu88ZzTT2rLvrhW7Ygic+pC0NWA+3hgAen0HRdsocuQXCkUTdFn9yHJJhsijDXw=="
      },
      "System.Reflection.Metadata": {
        "type": "Transitive",
        "resolved": "7.0.0",
        "contentHash": "MclTG61lsD9sYdpNz9xsKBzjsmsfCtcMZYXz/IUr2zlhaTaABonlr1ESeompTgM+Xk+IwtGYU7/voh3YWB/fWw==",
        "dependencies": {
          "System.Collections.Immutable": "7.0.0"
        }
      },
      "System.Runtime.CompilerServices.Unsafe": {
        "type": "Transitive",
        "resolved": "6.0.0",
        "contentHash": "/iUeP3tq1S0XdNNoMz5C9twLSrM/TH+qElHkXWaPvuNOt+99G75NrV0OS2EqHx5wMN7popYjpc8oTjC1y16DLg=="
      },
      "System.Security.Cryptography.Cng": {
        "type": "Transitive",
        "resolved": "5.0.0",
        "contentHash": "jIMXsKn94T9JY7PvPq/tMfqa6GAaHpElRDpmG+SuL+D3+sTw2M8VhnibKnN8Tq+4JqbPJ/f+BwtLeDMEnzAvRg==",
        "dependencies": {
          "System.Formats.Asn1": "5.0.0"
        }
      },
      "System.Security.Cryptography.Pkcs": {
        "type": "Transitive",
        "resolved": "5.0.0",
        "contentHash": "9TPLGjBCGKmNvG8pjwPeuYy0SMVmGZRwlTZvyPHDbYv/DRkoeumJdfumaaDNQzVGMEmbWtg07zUpSW9q70IlDQ==",
        "dependencies": {
          "System.Formats.Asn1": "5.0.0",
          "System.Security.Cryptography.Cng": "5.0.0"
        }
      },
      "System.Security.Cryptography.ProtectedData": {
        "type": "Transitive",
        "resolved": "4.4.0",
        "contentHash": "cJV7ScGW7EhatRsjehfvvYVBvtiSMKgN8bOVI0bQhnF5bU7vnHVIsH49Kva7i7GWaWYvmEzkYVk1TC+gZYBEog=="
      },
      "System.Text.Encoding.CodePages": {
        "type": "Transitive",
        "resolved": "7.0.0",
        "contentHash": "LSyCblMpvOe0N3E+8e0skHcrIhgV2huaNcjUUEa8hRtgEAm36aGkRoC8Jxlb6Ra6GSfF29ftduPNywin8XolzQ=="
      },
      "Zio": {
        "type": "Transitive",
        "resolved": "0.13.0",
        "contentHash": "caQXHcNNPLyF2wB28FttQ4GvF7/CVffbTKpjLk0NDhFwOphZEf/X+mlSFGOoQ0Pqu3BcxHH94x9e+5/d956dfA=="
      }
    }
  }
}